// !$*UTF8*$!
{
	archiveVersion = 1;
	classes = {
	};
	objectVersion = 52;
	objects = {

/* Begin PBXBuildFile section */
		064A960F272185F900939AD5 /* NDToastView.swift in Sources */ = {isa = PBXBuildFile; fileRef = 064A960E272185F900939AD5 /* NDToastView.swift */; };
		06679F07271EB39000D63AE1 /* NDButtons.swift in Sources */ = {isa = PBXBuildFile; fileRef = 06679F06271EB39000D63AE1 /* NDButtons.swift */; };
		06679F09271EB3E500D63AE1 /* NDCTAButton.swift in Sources */ = {isa = PBXBuildFile; fileRef = 06679F08271EB3E400D63AE1 /* NDCTAButton.swift */; };
		067DC4F026FEF8A000650862 /* NetworkProvider.swift in Sources */ = {isa = PBXBuildFile; fileRef = 067DC4EF26FEF8A000650862 /* NetworkProvider.swift */; };
		067DC4FB26FF19DE00650862 /* API.swift in Sources */ = {isa = PBXBuildFile; fileRef = 067DC4FA26FF19DE00650862 /* API.swift */; };
		067DC4FF26FF213400650862 /* NetworkError.swift in Sources */ = {isa = PBXBuildFile; fileRef = 067DC4FE26FF213400650862 /* NetworkError.swift */; };
		067DC50126FF238F00650862 /* NetworkLogging.swift in Sources */ = {isa = PBXBuildFile; fileRef = 067DC50026FF238F00650862 /* NetworkLogging.swift */; };
		0684EA5B2734623300FC74D1 /* UITableViewCell+.swift in Sources */ = {isa = PBXBuildFile; fileRef = 0684EA5A2734623300FC74D1 /* UITableViewCell+.swift */; };
		06962E902727FC250021402F /* NDTabButton.swift in Sources */ = {isa = PBXBuildFile; fileRef = 06962E8F2727FC250021402F /* NDTabButton.swift */; };
		06A1EC8E27088F3E00EA78D8 /* HitThemeTableHeaderView.swift in Sources */ = {isa = PBXBuildFile; fileRef = 06A1EC8D27088F3E00EA78D8 /* HitThemeTableHeaderView.swift */; };
		06A1EC9027088F4400EA78D8 /* HitThemeTableHeaderView.xib in Resources */ = {isa = PBXBuildFile; fileRef = 06A1EC8F27088F4400EA78D8 /* HitThemeTableHeaderView.xib */; };
		06A1EC992708A7F300EA78D8 /* UIFont+.swift in Sources */ = {isa = PBXBuildFile; fileRef = 06A1EC982708A7F300EA78D8 /* UIFont+.swift */; };
		06A1EC9B2708B12A00EA78D8 /* UILabel+.swift in Sources */ = {isa = PBXBuildFile; fileRef = 06A1EC9A2708B12A00EA78D8 /* UILabel+.swift */; };
		06A1EC9D2708C5E800EA78D8 /* UIButton+.swift in Sources */ = {isa = PBXBuildFile; fileRef = 06A1EC9C2708C5E800EA78D8 /* UIButton+.swift */; };
		06A1ECA02708CEFA00EA78D8 /* HitThemeHeaderCollectionViewCell.swift in Sources */ = {isa = PBXBuildFile; fileRef = 06A1EC9E2708CEFA00EA78D8 /* HitThemeHeaderCollectionViewCell.swift */; };
		06A1ECA12708CEFA00EA78D8 /* HitThemeHeaderCollectionViewCell.xib in Resources */ = {isa = PBXBuildFile; fileRef = 06A1EC9F2708CEFA00EA78D8 /* HitThemeHeaderCollectionViewCell.xib */; };
		06A1ECA32708D21400EA78D8 /* UITableView+.swift in Sources */ = {isa = PBXBuildFile; fileRef = 06A1ECA22708D21400EA78D8 /* UITableView+.swift */; };
		06A1ECA52708D77900EA78D8 /* UICollectionView+.swift in Sources */ = {isa = PBXBuildFile; fileRef = 06A1ECA42708D77900EA78D8 /* UICollectionView+.swift */; };
		06A1ECA82711782100EA78D8 /* NDButton.swift in Sources */ = {isa = PBXBuildFile; fileRef = 06A1ECA72711782100EA78D8 /* NDButton.swift */; };
		06A1ECAA2711789500EA78D8 /* Colors.xcassets in Resources */ = {isa = PBXBuildFile; fileRef = 06A1ECA92711789500EA78D8 /* Colors.xcassets */; };
		06A1ECAC2711828900EA78D8 /* UIColor+.swift in Sources */ = {isa = PBXBuildFile; fileRef = 06A1ECAB2711828900EA78D8 /* UIColor+.swift */; };
		06A1ECB12712C10A00EA78D8 /* NDButtonTheme.swift in Sources */ = {isa = PBXBuildFile; fileRef = 06A1ECB02712C10A00EA78D8 /* NDButtonTheme.swift */; };
		06A1ECB327180C2F00EA78D8 /* NaviBar.swift in Sources */ = {isa = PBXBuildFile; fileRef = 06A1ECB227180C2F00EA78D8 /* NaviBar.swift */; };
		06A1ECB5271952B100EA78D8 /* NDTextFieldView.swift in Sources */ = {isa = PBXBuildFile; fileRef = 06A1ECB4271952B100EA78D8 /* NDTextFieldView.swift */; };
		06A1ECB7271967E600EA78D8 /* ComponentTestViewController.swift in Sources */ = {isa = PBXBuildFile; fileRef = 06A1ECB6271967E600EA78D8 /* ComponentTestViewController.swift */; };
		06A1ECB927198ED200EA78D8 /* UITextField+.swift in Sources */ = {isa = PBXBuildFile; fileRef = 06A1ECB827198ED200EA78D8 /* UITextField+.swift */; };
		06AB8CB827312461007F32AA /* RxTextFieldDelegateProxy.swift in Sources */ = {isa = PBXBuildFile; fileRef = 06AB8CB727312461007F32AA /* RxTextFieldDelegateProxy.swift */; };
		06B68F9727228FF9007174E1 /* NDSearchTextField.swift in Sources */ = {isa = PBXBuildFile; fileRef = 06B68F9627228FF9007174E1 /* NDSearchTextField.swift */; };
		06BC1F74271C1B79001A6584 /* NDAlert.swift in Sources */ = {isa = PBXBuildFile; fileRef = 06BC1F73271C1B79001A6584 /* NDAlert.swift */; };
		283AF0502708672C0033ED71 /* Home.storyboard in Resources */ = {isa = PBXBuildFile; fileRef = 283AF04F2708672C0033ED71 /* Home.storyboard */; };
		283AF06D27086B950033ED71 /* HomeViewController.swift in Sources */ = {isa = PBXBuildFile; fileRef = 283AF06C27086B940033ED71 /* HomeViewController.swift */; };
		283AF07727086DA40033ED71 /* RoadTableViewCell.swift in Sources */ = {isa = PBXBuildFile; fileRef = 283AF07527086DA40033ED71 /* RoadTableViewCell.swift */; };
		283AF07827086DA40033ED71 /* RoadTableViewCell.xib in Resources */ = {isa = PBXBuildFile; fileRef = 283AF07627086DA40033ED71 /* RoadTableViewCell.xib */; };
		283AF0832708B6440033ED71 /* RoadHashTagView.swift in Sources */ = {isa = PBXBuildFile; fileRef = 283AF0822708B6440033ED71 /* RoadHashTagView.swift */; };
		771230DC27283EDA003B63E5 /* MyPageViewController.swift in Sources */ = {isa = PBXBuildFile; fileRef = 771230DB27283EDA003B63E5 /* MyPageViewController.swift */; };
		77169DD1270C8C36000AB1D2 /* BaseViewController.swift in Sources */ = {isa = PBXBuildFile; fileRef = 77169DD0270C8C36000AB1D2 /* BaseViewController.swift */; };
		77213CF82708EF1600994C9A /* BaseWebView.swift in Sources */ = {isa = PBXBuildFile; fileRef = 77213CF72708EF1600994C9A /* BaseWebView.swift */; };
		773C1D902718562A001AB7EB /* UIStoryBoard+.swift in Sources */ = {isa = PBXBuildFile; fileRef = 773C1D8F2718562A001AB7EB /* UIStoryBoard+.swift */; };
		773D61A02719D0D0001528B3 /* SignInViewController.swift in Sources */ = {isa = PBXBuildFile; fileRef = 773D619F2719D0D0001528B3 /* SignInViewController.swift */; };
		773D61A32719D872001528B3 /* ChangePasswordViewController.swift in Sources */ = {isa = PBXBuildFile; fileRef = 773D61A22719D872001528B3 /* ChangePasswordViewController.swift */; };
		7741F98E27171CC2005B3D88 /* UIViewController+.swift in Sources */ = {isa = PBXBuildFile; fileRef = 7741F98D27171CC2005B3D88 /* UIViewController+.swift */; };
		775507F726F842E5005B8763 /* AppDelegate.swift in Sources */ = {isa = PBXBuildFile; fileRef = 775507F626F842E5005B8763 /* AppDelegate.swift */; };
		775507F926F842E5005B8763 /* SceneDelegate.swift in Sources */ = {isa = PBXBuildFile; fileRef = 775507F826F842E5005B8763 /* SceneDelegate.swift */; };
		775507FB26F842E5005B8763 /* MainTabBarController.swift in Sources */ = {isa = PBXBuildFile; fileRef = 775507FA26F842E5005B8763 /* MainTabBarController.swift */; };
		775507FE26F842E5005B8763 /* Main.storyboard in Resources */ = {isa = PBXBuildFile; fileRef = 775507FC26F842E5005B8763 /* Main.storyboard */; };
		7755080026F842E6005B8763 /* Assets.xcassets in Resources */ = {isa = PBXBuildFile; fileRef = 775507FF26F842E6005B8763 /* Assets.xcassets */; };
		7755080326F842E6005B8763 /* LaunchScreen.storyboard in Resources */ = {isa = PBXBuildFile; fileRef = 7755080126F842E6005B8763 /* LaunchScreen.storyboard */; };
		7755080C26F84DA0005B8763 /* RxSwift in Frameworks */ = {isa = PBXBuildFile; productRef = 7755080B26F84DA0005B8763 /* RxSwift */; };
		7755081026F84DA0005B8763 /* RxRelay in Frameworks */ = {isa = PBXBuildFile; productRef = 7755080F26F84DA0005B8763 /* RxRelay */; };
		7755081226F84DA0005B8763 /* RxCocoa in Frameworks */ = {isa = PBXBuildFile; productRef = 7755081126F84DA0005B8763 /* RxCocoa */; };
		7755081726F84DCF005B8763 /* Kingfisher in Frameworks */ = {isa = PBXBuildFile; productRef = 7755081626F84DCF005B8763 /* Kingfisher */; };
		7755081A26F84E03005B8763 /* Lottie in Frameworks */ = {isa = PBXBuildFile; productRef = 7755081926F84E03005B8763 /* Lottie */; };
		7755081D26F84E52005B8763 /* ReactiveMoya in Frameworks */ = {isa = PBXBuildFile; productRef = 7755081C26F84E52005B8763 /* ReactiveMoya */; };
		7755081F26F84E52005B8763 /* CombineMoya in Frameworks */ = {isa = PBXBuildFile; productRef = 7755081E26F84E52005B8763 /* CombineMoya */; };
		7755082126F84E52005B8763 /* RxMoya in Frameworks */ = {isa = PBXBuildFile; productRef = 7755082026F84E52005B8763 /* RxMoya */; };
		7755082326F84E52005B8763 /* Moya in Frameworks */ = {isa = PBXBuildFile; productRef = 7755082226F84E52005B8763 /* Moya */; };
		775B959D271C2512004D4540 /* ScrollViewKeyboardApperanceProtocol.swift in Sources */ = {isa = PBXBuildFile; fileRef = 775B959C271C2512004D4540 /* ScrollViewKeyboardApperanceProtocol.swift */; };
		775B95A8271F0BD9004D4540 /* AssetImage.swift in Sources */ = {isa = PBXBuildFile; fileRef = 775B95A7271F0BD9004D4540 /* AssetImage.swift */; };
		775B95AA271F110A004D4540 /* UIImageView+.swift in Sources */ = {isa = PBXBuildFile; fileRef = 775B95A9271F110A004D4540 /* UIImageView+.swift */; };
		775B95AC27204D1C004D4540 /* UITabBarItem+.swift in Sources */ = {isa = PBXBuildFile; fileRef = 775B95AB27204D1C004D4540 /* UITabBarItem+.swift */; };
		7760CA8D27252ED2006B39A9 /* EmailAuthorizeViewModel.swift in Sources */ = {isa = PBXBuildFile; fileRef = 7760CA8C27252ED2006B39A9 /* EmailAuthorizeViewModel.swift */; };
		7760CA8F2725313B006B39A9 /* EmailAPI.swift in Sources */ = {isa = PBXBuildFile; fileRef = 7760CA8E2725313B006B39A9 /* EmailAPI.swift */; };
		7760CA91272540B2006B39A9 /* PlaceAPI.swift in Sources */ = {isa = PBXBuildFile; fileRef = 7760CA90272540B2006B39A9 /* PlaceAPI.swift */; };
		7760CA942725411E006B39A9 /* PlaceRequestModel.swift in Sources */ = {isa = PBXBuildFile; fileRef = 7760CA932725411E006B39A9 /* PlaceRequestModel.swift */; };
		7760CA96272541D0006B39A9 /* Encodable+.swift in Sources */ = {isa = PBXBuildFile; fileRef = 7760CA95272541D0006B39A9 /* Encodable+.swift */; };
		7760CA9927254249006B39A9 /* PlaceService.swift in Sources */ = {isa = PBXBuildFile; fileRef = 7760CA9827254249006B39A9 /* PlaceService.swift */; };
		7760CA9B27259C24006B39A9 /* ResponseModel.swift in Sources */ = {isa = PBXBuildFile; fileRef = 7760CA9A27259C24006B39A9 /* ResponseModel.swift */; };
		7760CA9E27259F53006B39A9 /* PlaceModel.swift in Sources */ = {isa = PBXBuildFile; fileRef = 7760CA9D27259F53006B39A9 /* PlaceModel.swift */; };
		777B5169271197B800299430 /* UIView+.swift in Sources */ = {isa = PBXBuildFile; fileRef = 777B5168271197B800299430 /* UIView+.swift */; };
		777B516B2711981400299430 /* UIStackView+.swift in Sources */ = {isa = PBXBuildFile; fileRef = 777B516A2711981400299430 /* UIStackView+.swift */; };
		777B516F27119A9200299430 /* CodeBasedView.swift in Sources */ = {isa = PBXBuildFile; fileRef = 777B516E27119A9200299430 /* CodeBasedView.swift */; };
		777B517327129D6500299430 /* CodeBasedProtocol.swift in Sources */ = {isa = PBXBuildFile; fileRef = 777B517227129D6500299430 /* CodeBasedProtocol.swift */; };
		777B517527129E6300299430 /* GreetingView.swift in Sources */ = {isa = PBXBuildFile; fileRef = 777B517427129E6300299430 /* GreetingView.swift */; };
		777B517727129EA700299430 /* SignUpTermStackView.swift in Sources */ = {isa = PBXBuildFile; fileRef = 777B517627129EA700299430 /* SignUpTermStackView.swift */; };
		777B517A2712AA2300299430 /* SignUpInputViewController.swift in Sources */ = {isa = PBXBuildFile; fileRef = 777B51792712AA2300299430 /* SignUpInputViewController.swift */; };
		777B517C2712AEB300299430 /* EmailAuthroizeViewController.swift in Sources */ = {isa = PBXBuildFile; fileRef = 777B517B2712AEB300299430 /* EmailAuthroizeViewController.swift */; };
		777B517E2714336700299430 /* InitialSettingViewController.swift in Sources */ = {isa = PBXBuildFile; fileRef = 777B517D2714336700299430 /* InitialSettingViewController.swift */; };
		777B51802714472B00299430 /* TermDetailViewController.swift in Sources */ = {isa = PBXBuildFile; fileRef = 777B517F2714472B00299430 /* TermDetailViewController.swift */; };
		777B51852714553600299430 /* InitialCategorySettingViewController.swift in Sources */ = {isa = PBXBuildFile; fileRef = 777B51842714553600299430 /* InitialCategorySettingViewController.swift */; };
		77B7A1252708A1C2008F5530 /* WebViewController.swift in Sources */ = {isa = PBXBuildFile; fileRef = 77B7A1242708A1C2008F5530 /* WebViewController.swift */; };
		77B7A1282708A674008F5530 /* SnapKit in Frameworks */ = {isa = PBXBuildFile; productRef = 77B7A1272708A674008F5530 /* SnapKit */; };
		77C69BE727294613004C2207 /* SignUpViewModel.swift in Sources */ = {isa = PBXBuildFile; fileRef = 77C69BE627294613004C2207 /* SignUpViewModel.swift */; };
		77C69BE927294775004C2207 /* SignUpInputViewModel.swift in Sources */ = {isa = PBXBuildFile; fileRef = 77C69BE827294775004C2207 /* SignUpInputViewModel.swift */; };
		77C69BEB272CD4E6004C2207 /* KeyboardAccessoryToolbar.swift in Sources */ = {isa = PBXBuildFile; fileRef = 77C69BEA272CD4E6004C2207 /* KeyboardAccessoryToolbar.swift */; };
		77E59131270DDCFA0070F381 /* BaseViewModel.swift in Sources */ = {isa = PBXBuildFile; fileRef = 77E59130270DDCFA0070F381 /* BaseViewModel.swift */; };
		77E59133270DDDA40070F381 /* HomeViewModel.swift in Sources */ = {isa = PBXBuildFile; fileRef = 77E59132270DDDA40070F381 /* HomeViewModel.swift */; };
		77E59135270DDFCF0070F381 /* WebViewModel.swift in Sources */ = {isa = PBXBuildFile; fileRef = 77E59134270DDFCF0070F381 /* WebViewModel.swift */; };
		77E5913827115F890070F381 /* LoginNavigationViewController.swift in Sources */ = {isa = PBXBuildFile; fileRef = 77E5913727115F890070F381 /* LoginNavigationViewController.swift */; };
		77E5913C271170860070F381 /* LoginNavigationViewModel.swift in Sources */ = {isa = PBXBuildFile; fileRef = 77E5913B271170860070F381 /* LoginNavigationViewModel.swift */; };
		77E591402711723C0070F381 /* SignUpViewController.swift in Sources */ = {isa = PBXBuildFile; fileRef = 77E5913F2711723C0070F381 /* SignUpViewController.swift */; };
/* End PBXBuildFile section */

/* Begin PBXFileReference section */
		064A960E272185F900939AD5 /* NDToastView.swift */ = {isa = PBXFileReference; lastKnownFileType = sourcecode.swift; path = NDToastView.swift; sourceTree = "<group>"; };
		06679F06271EB39000D63AE1 /* NDButtons.swift */ = {isa = PBXFileReference; lastKnownFileType = sourcecode.swift; path = NDButtons.swift; sourceTree = "<group>"; };
		06679F08271EB3E400D63AE1 /* NDCTAButton.swift */ = {isa = PBXFileReference; lastKnownFileType = sourcecode.swift; path = NDCTAButton.swift; sourceTree = "<group>"; };
		067DC4EF26FEF8A000650862 /* NetworkProvider.swift */ = {isa = PBXFileReference; lastKnownFileType = sourcecode.swift; path = NetworkProvider.swift; sourceTree = "<group>"; };
		067DC4FA26FF19DE00650862 /* API.swift */ = {isa = PBXFileReference; lastKnownFileType = sourcecode.swift; path = API.swift; sourceTree = "<group>"; };
		067DC4FE26FF213400650862 /* NetworkError.swift */ = {isa = PBXFileReference; lastKnownFileType = sourcecode.swift; path = NetworkError.swift; sourceTree = "<group>"; };
		067DC50026FF238F00650862 /* NetworkLogging.swift */ = {isa = PBXFileReference; lastKnownFileType = sourcecode.swift; path = NetworkLogging.swift; sourceTree = "<group>"; };
		0684EA5A2734623300FC74D1 /* UITableViewCell+.swift */ = {isa = PBXFileReference; lastKnownFileType = sourcecode.swift; path = "UITableViewCell+.swift"; sourceTree = "<group>"; };
		06962E8F2727FC250021402F /* NDTabButton.swift */ = {isa = PBXFileReference; lastKnownFileType = sourcecode.swift; path = NDTabButton.swift; sourceTree = "<group>"; };
		06A1EC8D27088F3E00EA78D8 /* HitThemeTableHeaderView.swift */ = {isa = PBXFileReference; lastKnownFileType = sourcecode.swift; path = HitThemeTableHeaderView.swift; sourceTree = "<group>"; };
		06A1EC8F27088F4400EA78D8 /* HitThemeTableHeaderView.xib */ = {isa = PBXFileReference; lastKnownFileType = file.xib; path = HitThemeTableHeaderView.xib; sourceTree = "<group>"; };
		06A1EC982708A7F300EA78D8 /* UIFont+.swift */ = {isa = PBXFileReference; lastKnownFileType = sourcecode.swift; path = "UIFont+.swift"; sourceTree = "<group>"; };
		06A1EC9A2708B12A00EA78D8 /* UILabel+.swift */ = {isa = PBXFileReference; lastKnownFileType = sourcecode.swift; path = "UILabel+.swift"; sourceTree = "<group>"; };
		06A1EC9C2708C5E800EA78D8 /* UIButton+.swift */ = {isa = PBXFileReference; lastKnownFileType = sourcecode.swift; path = "UIButton+.swift"; sourceTree = "<group>"; };
		06A1EC9E2708CEFA00EA78D8 /* HitThemeHeaderCollectionViewCell.swift */ = {isa = PBXFileReference; lastKnownFileType = sourcecode.swift; path = HitThemeHeaderCollectionViewCell.swift; sourceTree = "<group>"; };
		06A1EC9F2708CEFA00EA78D8 /* HitThemeHeaderCollectionViewCell.xib */ = {isa = PBXFileReference; lastKnownFileType = file.xib; path = HitThemeHeaderCollectionViewCell.xib; sourceTree = "<group>"; };
		06A1ECA22708D21400EA78D8 /* UITableView+.swift */ = {isa = PBXFileReference; lastKnownFileType = sourcecode.swift; path = "UITableView+.swift"; sourceTree = "<group>"; };
		06A1ECA42708D77900EA78D8 /* UICollectionView+.swift */ = {isa = PBXFileReference; lastKnownFileType = sourcecode.swift; path = "UICollectionView+.swift"; sourceTree = "<group>"; };
		06A1ECA72711782100EA78D8 /* NDButton.swift */ = {isa = PBXFileReference; lastKnownFileType = sourcecode.swift; path = NDButton.swift; sourceTree = "<group>"; };
		06A1ECA92711789500EA78D8 /* Colors.xcassets */ = {isa = PBXFileReference; lastKnownFileType = folder.assetcatalog; path = Colors.xcassets; sourceTree = "<group>"; };
		06A1ECAB2711828900EA78D8 /* UIColor+.swift */ = {isa = PBXFileReference; lastKnownFileType = sourcecode.swift; path = "UIColor+.swift"; sourceTree = "<group>"; };
		06A1ECB02712C10A00EA78D8 /* NDButtonTheme.swift */ = {isa = PBXFileReference; lastKnownFileType = sourcecode.swift; path = NDButtonTheme.swift; sourceTree = "<group>"; };
		06A1ECB227180C2F00EA78D8 /* NaviBar.swift */ = {isa = PBXFileReference; lastKnownFileType = sourcecode.swift; path = NaviBar.swift; sourceTree = "<group>"; };
		06A1ECB4271952B100EA78D8 /* NDTextFieldView.swift */ = {isa = PBXFileReference; lastKnownFileType = sourcecode.swift; path = NDTextFieldView.swift; sourceTree = "<group>"; };
		06A1ECB6271967E600EA78D8 /* ComponentTestViewController.swift */ = {isa = PBXFileReference; lastKnownFileType = sourcecode.swift; path = ComponentTestViewController.swift; sourceTree = "<group>"; };
		06A1ECB827198ED200EA78D8 /* UITextField+.swift */ = {isa = PBXFileReference; lastKnownFileType = sourcecode.swift; path = "UITextField+.swift"; sourceTree = "<group>"; };
		06AB8CB727312461007F32AA /* RxTextFieldDelegateProxy.swift */ = {isa = PBXFileReference; lastKnownFileType = sourcecode.swift; path = RxTextFieldDelegateProxy.swift; sourceTree = "<group>"; };
		06B68F9627228FF9007174E1 /* NDSearchTextField.swift */ = {isa = PBXFileReference; lastKnownFileType = sourcecode.swift; path = NDSearchTextField.swift; sourceTree = "<group>"; };
		06BC1F73271C1B79001A6584 /* NDAlert.swift */ = {isa = PBXFileReference; lastKnownFileType = sourcecode.swift; path = NDAlert.swift; sourceTree = "<group>"; };
		283AF04F2708672C0033ED71 /* Home.storyboard */ = {isa = PBXFileReference; lastKnownFileType = file.storyboard; path = Home.storyboard; sourceTree = "<group>"; };
		283AF06C27086B940033ED71 /* HomeViewController.swift */ = {isa = PBXFileReference; lastKnownFileType = sourcecode.swift; path = HomeViewController.swift; sourceTree = "<group>"; };
		283AF07527086DA40033ED71 /* RoadTableViewCell.swift */ = {isa = PBXFileReference; lastKnownFileType = sourcecode.swift; path = RoadTableViewCell.swift; sourceTree = "<group>"; };
		283AF07627086DA40033ED71 /* RoadTableViewCell.xib */ = {isa = PBXFileReference; lastKnownFileType = file.xib; path = RoadTableViewCell.xib; sourceTree = "<group>"; };
		283AF0822708B6440033ED71 /* RoadHashTagView.swift */ = {isa = PBXFileReference; lastKnownFileType = sourcecode.swift; path = RoadHashTagView.swift; sourceTree = "<group>"; };
		771230DB27283EDA003B63E5 /* MyPageViewController.swift */ = {isa = PBXFileReference; lastKnownFileType = sourcecode.swift; path = MyPageViewController.swift; sourceTree = "<group>"; };
		77169DD0270C8C36000AB1D2 /* BaseViewController.swift */ = {isa = PBXFileReference; lastKnownFileType = sourcecode.swift; path = BaseViewController.swift; sourceTree = "<group>"; };
		77213CF72708EF1600994C9A /* BaseWebView.swift */ = {isa = PBXFileReference; lastKnownFileType = sourcecode.swift; path = BaseWebView.swift; sourceTree = "<group>"; };
		773C1D8F2718562A001AB7EB /* UIStoryBoard+.swift */ = {isa = PBXFileReference; lastKnownFileType = sourcecode.swift; path = "UIStoryBoard+.swift"; sourceTree = "<group>"; };
		773D619F2719D0D0001528B3 /* SignInViewController.swift */ = {isa = PBXFileReference; lastKnownFileType = sourcecode.swift; path = SignInViewController.swift; sourceTree = "<group>"; };
		773D61A22719D872001528B3 /* ChangePasswordViewController.swift */ = {isa = PBXFileReference; lastKnownFileType = sourcecode.swift; path = ChangePasswordViewController.swift; sourceTree = "<group>"; };
		7741F98D27171CC2005B3D88 /* UIViewController+.swift */ = {isa = PBXFileReference; lastKnownFileType = sourcecode.swift; path = "UIViewController+.swift"; sourceTree = "<group>"; };
		775507F326F842E5005B8763 /* HikingClub.app */ = {isa = PBXFileReference; explicitFileType = wrapper.application; includeInIndex = 0; path = HikingClub.app; sourceTree = BUILT_PRODUCTS_DIR; };
		775507F626F842E5005B8763 /* AppDelegate.swift */ = {isa = PBXFileReference; lastKnownFileType = sourcecode.swift; path = AppDelegate.swift; sourceTree = "<group>"; };
		775507F826F842E5005B8763 /* SceneDelegate.swift */ = {isa = PBXFileReference; lastKnownFileType = sourcecode.swift; path = SceneDelegate.swift; sourceTree = "<group>"; };
		775507FA26F842E5005B8763 /* MainTabBarController.swift */ = {isa = PBXFileReference; lastKnownFileType = sourcecode.swift; path = MainTabBarController.swift; sourceTree = "<group>"; };
		775507FD26F842E5005B8763 /* Base */ = {isa = PBXFileReference; lastKnownFileType = file.storyboard; name = Base; path = Base.lproj/Main.storyboard; sourceTree = "<group>"; };
		775507FF26F842E6005B8763 /* Assets.xcassets */ = {isa = PBXFileReference; lastKnownFileType = folder.assetcatalog; path = Assets.xcassets; sourceTree = "<group>"; };
		7755080226F842E6005B8763 /* Base */ = {isa = PBXFileReference; lastKnownFileType = file.storyboard; name = Base; path = Base.lproj/LaunchScreen.storyboard; sourceTree = "<group>"; };
		7755080426F842E6005B8763 /* Info.plist */ = {isa = PBXFileReference; lastKnownFileType = text.plist.xml; path = Info.plist; sourceTree = "<group>"; };
		775B959C271C2512004D4540 /* ScrollViewKeyboardApperanceProtocol.swift */ = {isa = PBXFileReference; lastKnownFileType = sourcecode.swift; path = ScrollViewKeyboardApperanceProtocol.swift; sourceTree = "<group>"; };
		775B95A7271F0BD9004D4540 /* AssetImage.swift */ = {isa = PBXFileReference; lastKnownFileType = sourcecode.swift; path = AssetImage.swift; sourceTree = "<group>"; };
		775B95A9271F110A004D4540 /* UIImageView+.swift */ = {isa = PBXFileReference; lastKnownFileType = sourcecode.swift; path = "UIImageView+.swift"; sourceTree = "<group>"; };
		775B95AB27204D1C004D4540 /* UITabBarItem+.swift */ = {isa = PBXFileReference; lastKnownFileType = sourcecode.swift; path = "UITabBarItem+.swift"; sourceTree = "<group>"; };
		7760CA8C27252ED2006B39A9 /* EmailAuthorizeViewModel.swift */ = {isa = PBXFileReference; lastKnownFileType = sourcecode.swift; path = EmailAuthorizeViewModel.swift; sourceTree = "<group>"; };
		7760CA8E2725313B006B39A9 /* EmailAPI.swift */ = {isa = PBXFileReference; lastKnownFileType = sourcecode.swift; path = EmailAPI.swift; sourceTree = "<group>"; };
		7760CA90272540B2006B39A9 /* PlaceAPI.swift */ = {isa = PBXFileReference; lastKnownFileType = sourcecode.swift; path = PlaceAPI.swift; sourceTree = "<group>"; };
		7760CA932725411E006B39A9 /* PlaceRequestModel.swift */ = {isa = PBXFileReference; lastKnownFileType = sourcecode.swift; path = PlaceRequestModel.swift; sourceTree = "<group>"; };
		7760CA95272541D0006B39A9 /* Encodable+.swift */ = {isa = PBXFileReference; lastKnownFileType = sourcecode.swift; path = "Encodable+.swift"; sourceTree = "<group>"; };
		7760CA9827254249006B39A9 /* PlaceService.swift */ = {isa = PBXFileReference; lastKnownFileType = sourcecode.swift; path = PlaceService.swift; sourceTree = "<group>"; };
		7760CA9A27259C24006B39A9 /* ResponseModel.swift */ = {isa = PBXFileReference; lastKnownFileType = sourcecode.swift; path = ResponseModel.swift; sourceTree = "<group>"; };
		7760CA9D27259F53006B39A9 /* PlaceModel.swift */ = {isa = PBXFileReference; lastKnownFileType = sourcecode.swift; path = PlaceModel.swift; sourceTree = "<group>"; };
		777B5168271197B800299430 /* UIView+.swift */ = {isa = PBXFileReference; lastKnownFileType = sourcecode.swift; path = "UIView+.swift"; sourceTree = "<group>"; };
		777B516A2711981400299430 /* UIStackView+.swift */ = {isa = PBXFileReference; lastKnownFileType = sourcecode.swift; path = "UIStackView+.swift"; sourceTree = "<group>"; };
		777B516E27119A9200299430 /* CodeBasedView.swift */ = {isa = PBXFileReference; lastKnownFileType = sourcecode.swift; path = CodeBasedView.swift; sourceTree = "<group>"; };
		777B517227129D6500299430 /* CodeBasedProtocol.swift */ = {isa = PBXFileReference; lastKnownFileType = sourcecode.swift; path = CodeBasedProtocol.swift; sourceTree = "<group>"; };
		777B517427129E6300299430 /* GreetingView.swift */ = {isa = PBXFileReference; lastKnownFileType = sourcecode.swift; path = GreetingView.swift; sourceTree = "<group>"; };
		777B517627129EA700299430 /* SignUpTermStackView.swift */ = {isa = PBXFileReference; lastKnownFileType = sourcecode.swift; path = SignUpTermStackView.swift; sourceTree = "<group>"; };
		777B51792712AA2300299430 /* SignUpInputViewController.swift */ = {isa = PBXFileReference; lastKnownFileType = sourcecode.swift; path = SignUpInputViewController.swift; sourceTree = "<group>"; };
		777B517B2712AEB300299430 /* EmailAuthroizeViewController.swift */ = {isa = PBXFileReference; lastKnownFileType = sourcecode.swift; path = EmailAuthroizeViewController.swift; sourceTree = "<group>"; };
		777B517D2714336700299430 /* InitialSettingViewController.swift */ = {isa = PBXFileReference; lastKnownFileType = sourcecode.swift; path = InitialSettingViewController.swift; sourceTree = "<group>"; };
		777B517F2714472B00299430 /* TermDetailViewController.swift */ = {isa = PBXFileReference; lastKnownFileType = sourcecode.swift; path = TermDetailViewController.swift; sourceTree = "<group>"; };
		777B51842714553600299430 /* InitialCategorySettingViewController.swift */ = {isa = PBXFileReference; lastKnownFileType = sourcecode.swift; path = InitialCategorySettingViewController.swift; sourceTree = "<group>"; };
		77B7A1242708A1C2008F5530 /* WebViewController.swift */ = {isa = PBXFileReference; lastKnownFileType = sourcecode.swift; path = WebViewController.swift; sourceTree = "<group>"; };
		77C69BE627294613004C2207 /* SignUpViewModel.swift */ = {isa = PBXFileReference; lastKnownFileType = sourcecode.swift; path = SignUpViewModel.swift; sourceTree = "<group>"; };
		77C69BE827294775004C2207 /* SignUpInputViewModel.swift */ = {isa = PBXFileReference; lastKnownFileType = sourcecode.swift; path = SignUpInputViewModel.swift; sourceTree = "<group>"; };
		77C69BEA272CD4E6004C2207 /* KeyboardAccessoryToolbar.swift */ = {isa = PBXFileReference; lastKnownFileType = sourcecode.swift; path = KeyboardAccessoryToolbar.swift; sourceTree = "<group>"; };
		77E59130270DDCFA0070F381 /* BaseViewModel.swift */ = {isa = PBXFileReference; lastKnownFileType = sourcecode.swift; path = BaseViewModel.swift; sourceTree = "<group>"; };
		77E59132270DDDA40070F381 /* HomeViewModel.swift */ = {isa = PBXFileReference; lastKnownFileType = sourcecode.swift; path = HomeViewModel.swift; sourceTree = "<group>"; };
		77E59134270DDFCF0070F381 /* WebViewModel.swift */ = {isa = PBXFileReference; lastKnownFileType = sourcecode.swift; path = WebViewModel.swift; sourceTree = "<group>"; };
		77E5913727115F890070F381 /* LoginNavigationViewController.swift */ = {isa = PBXFileReference; lastKnownFileType = sourcecode.swift; path = LoginNavigationViewController.swift; sourceTree = "<group>"; };
		77E5913B271170860070F381 /* LoginNavigationViewModel.swift */ = {isa = PBXFileReference; lastKnownFileType = sourcecode.swift; path = LoginNavigationViewModel.swift; sourceTree = "<group>"; };
		77E5913F2711723C0070F381 /* SignUpViewController.swift */ = {isa = PBXFileReference; lastKnownFileType = sourcecode.swift; path = SignUpViewController.swift; sourceTree = "<group>"; };
/* End PBXFileReference section */

/* Begin PBXFrameworksBuildPhase section */
		775507F026F842E5005B8763 /* Frameworks */ = {
			isa = PBXFrameworksBuildPhase;
			buildActionMask = 2147483647;
			files = (
				7755082126F84E52005B8763 /* RxMoya in Frameworks */,
				7755081726F84DCF005B8763 /* Kingfisher in Frameworks */,
				7755081A26F84E03005B8763 /* Lottie in Frameworks */,
				7755081F26F84E52005B8763 /* CombineMoya in Frameworks */,
				7755081026F84DA0005B8763 /* RxRelay in Frameworks */,
				7755082326F84E52005B8763 /* Moya in Frameworks */,
				7755081226F84DA0005B8763 /* RxCocoa in Frameworks */,
				7755081D26F84E52005B8763 /* ReactiveMoya in Frameworks */,
				7755080C26F84DA0005B8763 /* RxSwift in Frameworks */,
				77B7A1282708A674008F5530 /* SnapKit in Frameworks */,
			);
			runOnlyForDeploymentPostprocessing = 0;
		};
/* End PBXFrameworksBuildPhase section */

/* Begin PBXGroup section */
		067DC4EA26FEF38700650862 /* Network */ = {
			isa = PBXGroup;
			children = (
				7760CA9F27259F9A006B39A9 /* Base */,
				7760CA972725421B006B39A9 /* PlaceService */,
			);
			path = Network;
			sourceTree = "<group>";
		};
		06A1EC9127089D2700EA78D8 /* Extension */ = {
			isa = PBXGroup;
			children = (
				06A1EC982708A7F300EA78D8 /* UIFont+.swift */,
				06A1EC9A2708B12A00EA78D8 /* UILabel+.swift */,
				06A1EC9C2708C5E800EA78D8 /* UIButton+.swift */,
				775B95A9271F110A004D4540 /* UIImageView+.swift */,
				06A1ECA22708D21400EA78D8 /* UITableView+.swift */,
				06A1ECA42708D77900EA78D8 /* UICollectionView+.swift */,
				06A1ECAB2711828900EA78D8 /* UIColor+.swift */,
				777B5168271197B800299430 /* UIView+.swift */,
				06A1ECB827198ED200EA78D8 /* UITextField+.swift */,
				777B516A2711981400299430 /* UIStackView+.swift */,
				7741F98D27171CC2005B3D88 /* UIViewController+.swift */,
				773C1D8F2718562A001AB7EB /* UIStoryBoard+.swift */,
				775B95AB27204D1C004D4540 /* UITabBarItem+.swift */,
				7760CA95272541D0006B39A9 /* Encodable+.swift */,
				0684EA5A2734623300FC74D1 /* UITableViewCell+.swift */,
			);
			path = Extension;
			sourceTree = "<group>";
		};
		06A1ECA62711759F00EA78D8 /* Components */ = {
			isa = PBXGroup;
			children = (
				06A1ECB6271967E600EA78D8 /* ComponentTestViewController.swift */,
				06A1ECAD2711849100EA78D8 /* NDButton */,
				06A1ECB227180C2F00EA78D8 /* NaviBar.swift */,
				06A1ECB4271952B100EA78D8 /* NDTextFieldView.swift */,
				06BC1F73271C1B79001A6584 /* NDAlert.swift */,
				064A960E272185F900939AD5 /* NDToastView.swift */,
				06B68F9627228FF9007174E1 /* NDSearchTextField.swift */,
				06AB8CB727312461007F32AA /* RxTextFieldDelegateProxy.swift */,
				06962E8F2727FC250021402F /* NDTabButton.swift */,
				77C69BEA272CD4E6004C2207 /* KeyboardAccessoryToolbar.swift */,
			);
			path = Components;
			sourceTree = "<group>";
		};
		06A1ECAD2711849100EA78D8 /* NDButton */ = {
			isa = PBXGroup;
			children = (
				06679F08271EB3E400D63AE1 /* NDCTAButton.swift */,
				06679F06271EB39000D63AE1 /* NDButtons.swift */,
				06A1ECA72711782100EA78D8 /* NDButton.swift */,
				06A1ECB02712C10A00EA78D8 /* NDButtonTheme.swift */,
			);
			path = NDButton;
			sourceTree = "<group>";
		};
		771230DA27283EC3003B63E5 /* MyPage */ = {
			isa = PBXGroup;
			children = (
				771230DB27283EDA003B63E5 /* MyPageViewController.swift */,
			);
			path = MyPage;
			sourceTree = "<group>";
		};
		77169DBF270ACD58000AB1D2 /* SupportingFiles */ = {
			isa = PBXGroup;
			children = (
				77169DC0270ACFEE000AB1D2 /* Resource */,
				775507F626F842E5005B8763 /* AppDelegate.swift */,
				775507F826F842E5005B8763 /* SceneDelegate.swift */,
				7755080126F842E6005B8763 /* LaunchScreen.storyboard */,
				7755080426F842E6005B8763 /* Info.plist */,
			);
			path = SupportingFiles;
			sourceTree = "<group>";
		};
		77169DC0270ACFEE000AB1D2 /* Resource */ = {
			isa = PBXGroup;
			children = (
				775507FF26F842E6005B8763 /* Assets.xcassets */,
				775B95A7271F0BD9004D4540 /* AssetImage.swift */,
				06A1ECA92711789500EA78D8 /* Colors.xcassets */,
			);
			path = Resource;
			sourceTree = "<group>";
		};
		77169DC3270AD076000AB1D2 /* Feature */ = {
			isa = PBXGroup;
			children = (
				77E5913627115F6D0070F381 /* Login */,
				77169DC4270AD08B000AB1D2 /* Main */,
				77169DC5270AD096000AB1D2 /* Home */,
				771230DA27283EC3003B63E5 /* MyPage */,
				77B7A1212708A14D008F5530 /* WebView */,
			);
			path = Feature;
			sourceTree = "<group>";
		};
		77169DC4270AD08B000AB1D2 /* Main */ = {
			isa = PBXGroup;
			children = (
				775507FC26F842E5005B8763 /* Main.storyboard */,
				775507FA26F842E5005B8763 /* MainTabBarController.swift */,
			);
			path = Main;
			sourceTree = "<group>";
		};
		77169DC5270AD096000AB1D2 /* Home */ = {
			isa = PBXGroup;
			children = (
				77169DC6270AD133000AB1D2 /* View */,
				283AF04F2708672C0033ED71 /* Home.storyboard */,
				283AF06C27086B940033ED71 /* HomeViewController.swift */,
				77E59132270DDDA40070F381 /* HomeViewModel.swift */,
			);
			path = Home;
			sourceTree = "<group>";
		};
		77169DC6270AD133000AB1D2 /* View */ = {
			isa = PBXGroup;
			children = (
				77169DC7270AD138000AB1D2 /* HitTheme */,
				77169DCA270AD1E2000AB1D2 /* Road */,
			);
			path = View;
			sourceTree = "<group>";
		};
		77169DC7270AD138000AB1D2 /* HitTheme */ = {
			isa = PBXGroup;
			children = (
				77169DC8270AD146000AB1D2 /* HeaderCollectionViewCell */,
				77169DC9270AD1A5000AB1D2 /* TableHeaderView */,
			);
			path = HitTheme;
			sourceTree = "<group>";
		};
		77169DC8270AD146000AB1D2 /* HeaderCollectionViewCell */ = {
			isa = PBXGroup;
			children = (
				06A1EC9F2708CEFA00EA78D8 /* HitThemeHeaderCollectionViewCell.xib */,
				06A1EC9E2708CEFA00EA78D8 /* HitThemeHeaderCollectionViewCell.swift */,
			);
			path = HeaderCollectionViewCell;
			sourceTree = "<group>";
		};
		77169DC9270AD1A5000AB1D2 /* TableHeaderView */ = {
			isa = PBXGroup;
			children = (
				06A1EC8F27088F4400EA78D8 /* HitThemeTableHeaderView.xib */,
				06A1EC8D27088F3E00EA78D8 /* HitThemeTableHeaderView.swift */,
			);
			path = TableHeaderView;
			sourceTree = "<group>";
		};
		77169DCA270AD1E2000AB1D2 /* Road */ = {
			isa = PBXGroup;
			children = (
				283AF0822708B6440033ED71 /* RoadHashTagView.swift */,
				77169DCC270B22CA000AB1D2 /* TableViewCell */,
			);
			path = Road;
			sourceTree = "<group>";
		};
		77169DCC270B22CA000AB1D2 /* TableViewCell */ = {
			isa = PBXGroup;
			children = (
				283AF07627086DA40033ED71 /* RoadTableViewCell.xib */,
				283AF07527086DA40033ED71 /* RoadTableViewCell.swift */,
			);
			path = TableViewCell;
			sourceTree = "<group>";
		};
		77169DCD270C8C14000AB1D2 /* Helper */ = {
			isa = PBXGroup;
			children = (
				06A1ECA62711759F00EA78D8 /* Components */,
				77169DCE270C8C1D000AB1D2 /* BaseArchitecture */,
				777B516D27119A7100299430 /* CodeBased */,
				06A1EC9127089D2700EA78D8 /* Extension */,
				777B517127129D4D00299430 /* Protocol */,
			);
			path = Helper;
			sourceTree = "<group>";
		};
		77169DCE270C8C1D000AB1D2 /* BaseArchitecture */ = {
			isa = PBXGroup;
			children = (
				77169DD0270C8C36000AB1D2 /* BaseViewController.swift */,
				77E59130270DDCFA0070F381 /* BaseViewModel.swift */,
			);
			path = BaseArchitecture;
			sourceTree = "<group>";
		};
		773D619E2719D0C1001528B3 /* SignIn */ = {
			isa = PBXGroup;
			children = (
				773D619F2719D0D0001528B3 /* SignInViewController.swift */,
				773D61A12719D85A001528B3 /* ForgotPassword */,
			);
			path = SignIn;
			sourceTree = "<group>";
		};
		773D61A12719D85A001528B3 /* ForgotPassword */ = {
			isa = PBXGroup;
			children = (
				773D61A22719D872001528B3 /* ChangePasswordViewController.swift */,
			);
			path = ForgotPassword;
			sourceTree = "<group>";
		};
		773D61A42719D8CA001528B3 /* EmailAuthorize */ = {
			isa = PBXGroup;
			children = (
				777B517B2712AEB300299430 /* EmailAuthroizeViewController.swift */,
				7760CA8C27252ED2006B39A9 /* EmailAuthorizeViewModel.swift */,
			);
			path = EmailAuthorize;
			sourceTree = "<group>";
		};
		775507EA26F842E5005B8763 = {
			isa = PBXGroup;
			children = (
				775507F526F842E5005B8763 /* HikingClub */,
				775507F426F842E5005B8763 /* Products */,
			);
			sourceTree = "<group>";
		};
		775507F426F842E5005B8763 /* Products */ = {
			isa = PBXGroup;
			children = (
				775507F326F842E5005B8763 /* HikingClub.app */,
			);
			name = Products;
			sourceTree = "<group>";
		};
		775507F526F842E5005B8763 /* HikingClub */ = {
			isa = PBXGroup;
			children = (
				77169DCD270C8C14000AB1D2 /* Helper */,
				067DC4EA26FEF38700650862 /* Network */,
				77169DC3270AD076000AB1D2 /* Feature */,
				77169DBF270ACD58000AB1D2 /* SupportingFiles */,
			);
			path = HikingClub;
			sourceTree = "<group>";
		};
		7760CA922725410E006B39A9 /* Request */ = {
			isa = PBXGroup;
			children = (
				7760CA932725411E006B39A9 /* PlaceRequestModel.swift */,
			);
			path = Request;
			sourceTree = "<group>";
		};
		7760CA972725421B006B39A9 /* PlaceService */ = {
			isa = PBXGroup;
			children = (
				7760CA9C27259F37006B39A9 /* Response */,
				7760CA922725410E006B39A9 /* Request */,
				7760CA90272540B2006B39A9 /* PlaceAPI.swift */,
				7760CA9827254249006B39A9 /* PlaceService.swift */,
			);
			path = PlaceService;
			sourceTree = "<group>";
		};
		7760CA9C27259F37006B39A9 /* Response */ = {
			isa = PBXGroup;
			children = (
				7760CA9D27259F53006B39A9 /* PlaceModel.swift */,
			);
			path = Response;
			sourceTree = "<group>";
		};
		7760CA9F27259F9A006B39A9 /* Base */ = {
			isa = PBXGroup;
			children = (
				067DC4FA26FF19DE00650862 /* API.swift */,
				7760CA8E2725313B006B39A9 /* EmailAPI.swift */,
				067DC4EF26FEF8A000650862 /* NetworkProvider.swift */,
				067DC50026FF238F00650862 /* NetworkLogging.swift */,
				067DC4FE26FF213400650862 /* NetworkError.swift */,
				7760CA9A27259C24006B39A9 /* ResponseModel.swift */,
			);
			path = Base;
			sourceTree = "<group>";
		};
		777B516C27119A5200299430 /* View */ = {
			isa = PBXGroup;
			children = (
				777B517427129E6300299430 /* GreetingView.swift */,
				777B517627129EA700299430 /* SignUpTermStackView.swift */,
			);
			path = View;
			sourceTree = "<group>";
		};
		777B516D27119A7100299430 /* CodeBased */ = {
			isa = PBXGroup;
			children = (
				777B516E27119A9200299430 /* CodeBasedView.swift */,
			);
			path = CodeBased;
			sourceTree = "<group>";
		};
		777B517127129D4D00299430 /* Protocol */ = {
			isa = PBXGroup;
			children = (
				777B517227129D6500299430 /* CodeBasedProtocol.swift */,
				775B959C271C2512004D4540 /* ScrollViewKeyboardApperanceProtocol.swift */,
			);
			path = Protocol;
			sourceTree = "<group>";
		};
		777B51862714553900299430 /* InitialSetting */ = {
			isa = PBXGroup;
			children = (
				777B517D2714336700299430 /* InitialSettingViewController.swift */,
				777B51842714553600299430 /* InitialCategorySettingViewController.swift */,
			);
			path = InitialSetting;
			sourceTree = "<group>";
		};
		77B7A1212708A14D008F5530 /* WebView */ = {
			isa = PBXGroup;
			children = (
				77213CF72708EF1600994C9A /* BaseWebView.swift */,
				77B7A1242708A1C2008F5530 /* WebViewController.swift */,
				77E59134270DDFCF0070F381 /* WebViewModel.swift */,
			);
			path = WebView;
			sourceTree = "<group>";
		};
		77E5913627115F6D0070F381 /* Login */ = {
			isa = PBXGroup;
			children = (
				77E5913D271172090070F381 /* SignUp */,
				773D619E2719D0C1001528B3 /* SignIn */,
				77E5913727115F890070F381 /* LoginNavigationViewController.swift */,
				77E5913B271170860070F381 /* LoginNavigationViewModel.swift */,
			);
			path = Login;
			sourceTree = "<group>";
		};
		77E5913D271172090070F381 /* SignUp */ = {
			isa = PBXGroup;
			children = (
				777B516C27119A5200299430 /* View */,
				77E5913F2711723C0070F381 /* SignUpViewController.swift */,
				77C69BE627294613004C2207 /* SignUpViewModel.swift */,
				777B517F2714472B00299430 /* TermDetailViewController.swift */,
				777B51792712AA2300299430 /* SignUpInputViewController.swift */,
				77C69BE827294775004C2207 /* SignUpInputViewModel.swift */,
				773D61A42719D8CA001528B3 /* EmailAuthorize */,
				777B51862714553900299430 /* InitialSetting */,
			);
			path = SignUp;
			sourceTree = "<group>";
		};
/* End PBXGroup section */

/* Begin PBXNativeTarget section */
		775507F226F842E5005B8763 /* HikingClub */ = {
			isa = PBXNativeTarget;
			buildConfigurationList = 7755080726F842E6005B8763 /* Build configuration list for PBXNativeTarget "HikingClub" */;
			buildPhases = (
				775507EF26F842E5005B8763 /* Sources */,
				775507F026F842E5005B8763 /* Frameworks */,
				775507F126F842E5005B8763 /* Resources */,
			);
			buildRules = (
			);
			dependencies = (
			);
			name = HikingClub;
			packageProductDependencies = (
				7755080B26F84DA0005B8763 /* RxSwift */,
				7755080F26F84DA0005B8763 /* RxRelay */,
				7755081126F84DA0005B8763 /* RxCocoa */,
				7755081626F84DCF005B8763 /* Kingfisher */,
				7755081926F84E03005B8763 /* Lottie */,
				7755081C26F84E52005B8763 /* ReactiveMoya */,
				7755081E26F84E52005B8763 /* CombineMoya */,
				7755082026F84E52005B8763 /* RxMoya */,
				7755082226F84E52005B8763 /* Moya */,
				77B7A1272708A674008F5530 /* SnapKit */,
			);
			productName = HikingClub;
			productReference = 775507F326F842E5005B8763 /* HikingClub.app */;
			productType = "com.apple.product-type.application";
		};
/* End PBXNativeTarget section */

/* Begin PBXProject section */
		775507EB26F842E5005B8763 /* Project object */ = {
			isa = PBXProject;
			attributes = {
				LastSwiftUpdateCheck = 1250;
				LastUpgradeCheck = 1250;
				TargetAttributes = {
					775507F226F842E5005B8763 = {
						CreatedOnToolsVersion = 12.5.1;
					};
				};
			};
			buildConfigurationList = 775507EE26F842E5005B8763 /* Build configuration list for PBXProject "HikingClub" */;
			compatibilityVersion = "Xcode 9.3";
			developmentRegion = en;
			hasScannedForEncodings = 0;
			knownRegions = (
				en,
				Base,
			);
			mainGroup = 775507EA26F842E5005B8763;
			packageReferences = (
				7755080A26F84DA0005B8763 /* XCRemoteSwiftPackageReference "RxSwift" */,
				7755081526F84DCF005B8763 /* XCRemoteSwiftPackageReference "Kingfisher" */,
				7755081826F84E03005B8763 /* XCRemoteSwiftPackageReference "lottie-ios" */,
				7755081B26F84E52005B8763 /* XCRemoteSwiftPackageReference "Moya" */,
				77B7A1262708A674008F5530 /* XCRemoteSwiftPackageReference "SnapKit" */,
			);
			productRefGroup = 775507F426F842E5005B8763 /* Products */;
			projectDirPath = "";
			projectRoot = "";
			targets = (
				775507F226F842E5005B8763 /* HikingClub */,
			);
		};
/* End PBXProject section */

/* Begin PBXResourcesBuildPhase section */
		775507F126F842E5005B8763 /* Resources */ = {
			isa = PBXResourcesBuildPhase;
			buildActionMask = 2147483647;
			files = (
				06A1ECAA2711789500EA78D8 /* Colors.xcassets in Resources */,
				283AF0502708672C0033ED71 /* Home.storyboard in Resources */,
				7755080326F842E6005B8763 /* LaunchScreen.storyboard in Resources */,
				283AF07827086DA40033ED71 /* RoadTableViewCell.xib in Resources */,
				06A1EC9027088F4400EA78D8 /* HitThemeTableHeaderView.xib in Resources */,
				7755080326F842E6005B8763 /* LaunchScreen.storyboard in Resources */,
				06A1ECA12708CEFA00EA78D8 /* HitThemeHeaderCollectionViewCell.xib in Resources */,
				7755080026F842E6005B8763 /* Assets.xcassets in Resources */,
				775507FE26F842E5005B8763 /* Main.storyboard in Resources */,
			);
			runOnlyForDeploymentPostprocessing = 0;
		};
/* End PBXResourcesBuildPhase section */

/* Begin PBXSourcesBuildPhase section */
		775507EF26F842E5005B8763 /* Sources */ = {
			isa = PBXSourcesBuildPhase;
			buildActionMask = 2147483647;
			files = (
				771230DC27283EDA003B63E5 /* MyPageViewController.swift in Sources */,
				06A1ECA52708D77900EA78D8 /* UICollectionView+.swift in Sources */,
				77E59131270DDCFA0070F381 /* BaseViewModel.swift in Sources */,
				7741F98E27171CC2005B3D88 /* UIViewController+.swift in Sources */,
				775507FB26F842E5005B8763 /* MainTabBarController.swift in Sources */,
				777B517727129EA700299430 /* SignUpTermStackView.swift in Sources */,
				777B516F27119A9200299430 /* CodeBasedView.swift in Sources */,
				06A1ECA82711782100EA78D8 /* NDButton.swift in Sources */,
				06A1ECB12712C10A00EA78D8 /* NDButtonTheme.swift in Sources */,
				06A1EC992708A7F300EA78D8 /* UIFont+.swift in Sources */,
				77E5913827115F890070F381 /* LoginNavigationViewController.swift in Sources */,
				77C69BE927294775004C2207 /* SignUpInputViewModel.swift in Sources */,
				775B95AC27204D1C004D4540 /* UITabBarItem+.swift in Sources */,
				06A1EC9B2708B12A00EA78D8 /* UILabel+.swift in Sources */,
				777B517C2712AEB300299430 /* EmailAuthroizeViewController.swift in Sources */,
				777B51802714472B00299430 /* TermDetailViewController.swift in Sources */,
				77E59133270DDDA40070F381 /* HomeViewModel.swift in Sources */,
				06BC1F74271C1B79001A6584 /* NDAlert.swift in Sources */,
				067DC50126FF238F00650862 /* NetworkLogging.swift in Sources */,
				06A1ECB327180C2F00EA78D8 /* NaviBar.swift in Sources */,
				06A1ECB7271967E600EA78D8 /* ComponentTestViewController.swift in Sources */,
				7760CA96272541D0006B39A9 /* Encodable+.swift in Sources */,
				7760CA8D27252ED2006B39A9 /* EmailAuthorizeViewModel.swift in Sources */,
				06679F09271EB3E500D63AE1 /* NDCTAButton.swift in Sources */,
				77E59135270DDFCF0070F381 /* WebViewModel.swift in Sources */,
				77169DD1270C8C36000AB1D2 /* BaseViewController.swift in Sources */,
				77E5913C271170860070F381 /* LoginNavigationViewModel.swift in Sources */,
				77B7A1252708A1C2008F5530 /* WebViewController.swift in Sources */,
				777B517527129E6300299430 /* GreetingView.swift in Sources */,
				775B95A8271F0BD9004D4540 /* AssetImage.swift in Sources */,
				775507FB26F842E5005B8763 /* MainTabBarController.swift in Sources */,
				777B516B2711981400299430 /* UIStackView+.swift in Sources */,
				283AF0832708B6440033ED71 /* RoadHashTagView.swift in Sources */,
				77E591402711723C0070F381 /* SignUpViewController.swift in Sources */,
				06679F07271EB39000D63AE1 /* NDButtons.swift in Sources */,
				067DC4FF26FF213400650862 /* NetworkError.swift in Sources */,
				775507F726F842E5005B8763 /* AppDelegate.swift in Sources */,
				06B68F9727228FF9007174E1 /* NDSearchTextField.swift in Sources */,
				283AF07727086DA40033ED71 /* RoadTableViewCell.swift in Sources */,
				06A1EC8E27088F3E00EA78D8 /* HitThemeTableHeaderView.swift in Sources */,
				06962E902727FC250021402F /* NDTabButton.swift in Sources */,
				06A1ECB927198ED200EA78D8 /* UITextField+.swift in Sources */,
				06A1ECA02708CEFA00EA78D8 /* HitThemeHeaderCollectionViewCell.swift in Sources */,
				06A1ECB5271952B100EA78D8 /* NDTextFieldView.swift in Sources */,
				06A1EC9D2708C5E800EA78D8 /* UIButton+.swift in Sources */,
				775B959D271C2512004D4540 /* ScrollViewKeyboardApperanceProtocol.swift in Sources */,
				773C1D902718562A001AB7EB /* UIStoryBoard+.swift in Sources */,
				773D61A32719D872001528B3 /* ChangePasswordViewController.swift in Sources */,
				775507F926F842E5005B8763 /* SceneDelegate.swift in Sources */,
				283AF06D27086B950033ED71 /* HomeViewController.swift in Sources */,
				77C69BEB272CD4E6004C2207 /* KeyboardAccessoryToolbar.swift in Sources */,
				777B517327129D6500299430 /* CodeBasedProtocol.swift in Sources */,
				7760CA8F2725313B006B39A9 /* EmailAPI.swift in Sources */,
				773D61A02719D0D0001528B3 /* SignInViewController.swift in Sources */,
				7760CA91272540B2006B39A9 /* PlaceAPI.swift in Sources */,
				06A1ECA32708D21400EA78D8 /* UITableView+.swift in Sources */,
				067DC4F026FEF8A000650862 /* NetworkProvider.swift in Sources */,
				7760CA9E27259F53006B39A9 /* PlaceModel.swift in Sources */,
				777B517E2714336700299430 /* InitialSettingViewController.swift in Sources */,
				77213CF82708EF1600994C9A /* BaseWebView.swift in Sources */,
				067DC4FB26FF19DE00650862 /* API.swift in Sources */,
				777B51852714553600299430 /* InitialCategorySettingViewController.swift in Sources */,
				7760CA9927254249006B39A9 /* PlaceService.swift in Sources */,
				777B517A2712AA2300299430 /* SignUpInputViewController.swift in Sources */,
				06A1ECAC2711828900EA78D8 /* UIColor+.swift in Sources */,
				77C69BE727294613004C2207 /* SignUpViewModel.swift in Sources */,
				77213CF82708EF1600994C9A /* BaseWebView.swift in Sources */,
				06AB8CB827312461007F32AA /* RxTextFieldDelegateProxy.swift in Sources */,
				7760CA942725411E006B39A9 /* PlaceRequestModel.swift in Sources */,
				067DC4FB26FF19DE00650862 /* API.swift in Sources */,
				064A960F272185F900939AD5 /* NDToastView.swift in Sources */,
				7760CA9B27259C24006B39A9 /* ResponseModel.swift in Sources */,
				0684EA5B2734623300FC74D1 /* UITableViewCell+.swift in Sources */,
				775B95AA271F110A004D4540 /* UIImageView+.swift in Sources */,
				777B5169271197B800299430 /* UIView+.swift in Sources */,
			);
			runOnlyForDeploymentPostprocessing = 0;
		};
/* End PBXSourcesBuildPhase section */

/* Begin PBXVariantGroup section */
		775507FC26F842E5005B8763 /* Main.storyboard */ = {
			isa = PBXVariantGroup;
			children = (
				775507FD26F842E5005B8763 /* Base */,
			);
			name = Main.storyboard;
			sourceTree = "<group>";
		};
		7755080126F842E6005B8763 /* LaunchScreen.storyboard */ = {
			isa = PBXVariantGroup;
			children = (
				7755080226F842E6005B8763 /* Base */,
			);
			name = LaunchScreen.storyboard;
			sourceTree = "<group>";
		};
/* End PBXVariantGroup section */

/* Begin XCBuildConfiguration section */
		7755080526F842E6005B8763 /* Debug */ = {
			isa = XCBuildConfiguration;
			buildSettings = {
				ALWAYS_SEARCH_USER_PATHS = NO;
				CLANG_ANALYZER_NONNULL = YES;
				CLANG_ANALYZER_NUMBER_OBJECT_CONVERSION = YES_AGGRESSIVE;
				CLANG_CXX_LANGUAGE_STANDARD = "gnu++14";
				CLANG_CXX_LIBRARY = "libc++";
				CLANG_ENABLE_MODULES = YES;
				CLANG_ENABLE_OBJC_ARC = YES;
				CLANG_ENABLE_OBJC_WEAK = YES;
				CLANG_WARN_BLOCK_CAPTURE_AUTORELEASING = YES;
				CLANG_WARN_BOOL_CONVERSION = YES;
				CLANG_WARN_COMMA = YES;
				CLANG_WARN_CONSTANT_CONVERSION = YES;
				CLANG_WARN_DEPRECATED_OBJC_IMPLEMENTATIONS = YES;
				CLANG_WARN_DIRECT_OBJC_ISA_USAGE = YES_ERROR;
				CLANG_WARN_DOCUMENTATION_COMMENTS = YES;
				CLANG_WARN_EMPTY_BODY = YES;
				CLANG_WARN_ENUM_CONVERSION = YES;
				CLANG_WARN_INFINITE_RECURSION = YES;
				CLANG_WARN_INT_CONVERSION = YES;
				CLANG_WARN_NON_LITERAL_NULL_CONVERSION = YES;
				CLANG_WARN_OBJC_IMPLICIT_RETAIN_SELF = YES;
				CLANG_WARN_OBJC_LITERAL_CONVERSION = YES;
				CLANG_WARN_OBJC_ROOT_CLASS = YES_ERROR;
				CLANG_WARN_QUOTED_INCLUDE_IN_FRAMEWORK_HEADER = YES;
				CLANG_WARN_RANGE_LOOP_ANALYSIS = YES;
				CLANG_WARN_STRICT_PROTOTYPES = YES;
				CLANG_WARN_SUSPICIOUS_MOVE = YES;
				CLANG_WARN_UNGUARDED_AVAILABILITY = YES_AGGRESSIVE;
				CLANG_WARN_UNREACHABLE_CODE = YES;
				CLANG_WARN__DUPLICATE_METHOD_MATCH = YES;
				COPY_PHASE_STRIP = NO;
				DEBUG_INFORMATION_FORMAT = dwarf;
				ENABLE_STRICT_OBJC_MSGSEND = YES;
				ENABLE_TESTABILITY = YES;
				GCC_C_LANGUAGE_STANDARD = gnu11;
				GCC_DYNAMIC_NO_PIC = NO;
				GCC_NO_COMMON_BLOCKS = YES;
				GCC_OPTIMIZATION_LEVEL = 0;
				GCC_PREPROCESSOR_DEFINITIONS = (
					"DEBUG=1",
					"$(inherited)",
				);
				GCC_WARN_64_TO_32_BIT_CONVERSION = YES;
				GCC_WARN_ABOUT_RETURN_TYPE = YES_ERROR;
				GCC_WARN_UNDECLARED_SELECTOR = YES;
				GCC_WARN_UNINITIALIZED_AUTOS = YES_AGGRESSIVE;
				GCC_WARN_UNUSED_FUNCTION = YES;
				GCC_WARN_UNUSED_VARIABLE = YES;
				IPHONEOS_DEPLOYMENT_TARGET = 13.0;
				MTL_ENABLE_DEBUG_INFO = INCLUDE_SOURCE;
				MTL_FAST_MATH = YES;
				ONLY_ACTIVE_ARCH = YES;
				SDKROOT = iphoneos;
				SWIFT_ACTIVE_COMPILATION_CONDITIONS = DEBUG;
				SWIFT_OPTIMIZATION_LEVEL = "-Onone";
			};
			name = Debug;
		};
		7755080626F842E6005B8763 /* Release */ = {
			isa = XCBuildConfiguration;
			buildSettings = {
				ALWAYS_SEARCH_USER_PATHS = NO;
				CLANG_ANALYZER_NONNULL = YES;
				CLANG_ANALYZER_NUMBER_OBJECT_CONVERSION = YES_AGGRESSIVE;
				CLANG_CXX_LANGUAGE_STANDARD = "gnu++14";
				CLANG_CXX_LIBRARY = "libc++";
				CLANG_ENABLE_MODULES = YES;
				CLANG_ENABLE_OBJC_ARC = YES;
				CLANG_ENABLE_OBJC_WEAK = YES;
				CLANG_WARN_BLOCK_CAPTURE_AUTORELEASING = YES;
				CLANG_WARN_BOOL_CONVERSION = YES;
				CLANG_WARN_COMMA = YES;
				CLANG_WARN_CONSTANT_CONVERSION = YES;
				CLANG_WARN_DEPRECATED_OBJC_IMPLEMENTATIONS = YES;
				CLANG_WARN_DIRECT_OBJC_ISA_USAGE = YES_ERROR;
				CLANG_WARN_DOCUMENTATION_COMMENTS = YES;
				CLANG_WARN_EMPTY_BODY = YES;
				CLANG_WARN_ENUM_CONVERSION = YES;
				CLANG_WARN_INFINITE_RECURSION = YES;
				CLANG_WARN_INT_CONVERSION = YES;
				CLANG_WARN_NON_LITERAL_NULL_CONVERSION = YES;
				CLANG_WARN_OBJC_IMPLICIT_RETAIN_SELF = YES;
				CLANG_WARN_OBJC_LITERAL_CONVERSION = YES;
				CLANG_WARN_OBJC_ROOT_CLASS = YES_ERROR;
				CLANG_WARN_QUOTED_INCLUDE_IN_FRAMEWORK_HEADER = YES;
				CLANG_WARN_RANGE_LOOP_ANALYSIS = YES;
				CLANG_WARN_STRICT_PROTOTYPES = YES;
				CLANG_WARN_SUSPICIOUS_MOVE = YES;
				CLANG_WARN_UNGUARDED_AVAILABILITY = YES_AGGRESSIVE;
				CLANG_WARN_UNREACHABLE_CODE = YES;
				CLANG_WARN__DUPLICATE_METHOD_MATCH = YES;
				COPY_PHASE_STRIP = NO;
				DEBUG_INFORMATION_FORMAT = "dwarf-with-dsym";
				ENABLE_NS_ASSERTIONS = NO;
				ENABLE_STRICT_OBJC_MSGSEND = YES;
				GCC_C_LANGUAGE_STANDARD = gnu11;
				GCC_NO_COMMON_BLOCKS = YES;
				GCC_WARN_64_TO_32_BIT_CONVERSION = YES;
				GCC_WARN_ABOUT_RETURN_TYPE = YES_ERROR;
				GCC_WARN_UNDECLARED_SELECTOR = YES;
				GCC_WARN_UNINITIALIZED_AUTOS = YES_AGGRESSIVE;
				GCC_WARN_UNUSED_FUNCTION = YES;
				GCC_WARN_UNUSED_VARIABLE = YES;
				IPHONEOS_DEPLOYMENT_TARGET = 13.0;
				MTL_ENABLE_DEBUG_INFO = NO;
				MTL_FAST_MATH = YES;
				SDKROOT = iphoneos;
				SWIFT_COMPILATION_MODE = wholemodule;
				SWIFT_OPTIMIZATION_LEVEL = "-O";
				VALIDATE_PRODUCT = YES;
			};
			name = Release;
		};
		7755080826F842E6005B8763 /* Debug */ = {
			isa = XCBuildConfiguration;
			buildSettings = {
				ASSETCATALOG_COMPILER_APPICON_NAME = AppIcon;
				ASSETCATALOG_COMPILER_GLOBAL_ACCENT_COLOR_NAME = AccentColor;
				CODE_SIGN_IDENTITY = "iPhone Developer";
				CODE_SIGN_STYLE = Manual;
				DEVELOPMENT_TEAM = 8WGBZHP3L6;
				INFOPLIST_FILE = HikingClub/SupportingFiles/Info.plist;
				IPHONEOS_DEPLOYMENT_TARGET = 13.0;
				LD_RUNPATH_SEARCH_PATHS = (
					"$(inherited)",
					"@executable_path/Frameworks",
				);
				PRODUCT_BUNDLE_IDENTIFIER = com.sz.HikingClub;
				PRODUCT_NAME = "$(TARGET_NAME)";
				PROVISIONING_PROFILE_SPECIFIER = mashuphikingclub;
				SWIFT_VERSION = 5.0;
				TARGETED_DEVICE_FAMILY = 1;
			};
			name = Debug;
		};
		7755080926F842E6005B8763 /* Release */ = {
			isa = XCBuildConfiguration;
			buildSettings = {
				ASSETCATALOG_COMPILER_APPICON_NAME = AppIcon;
				ASSETCATALOG_COMPILER_GLOBAL_ACCENT_COLOR_NAME = AccentColor;
				CODE_SIGN_IDENTITY = "iPhone Developer";
				CODE_SIGN_STYLE = Manual;
				DEVELOPMENT_TEAM = 8WGBZHP3L6;
				INFOPLIST_FILE = HikingClub/SupportingFiles/Info.plist;
				IPHONEOS_DEPLOYMENT_TARGET = 13.0;
				LD_RUNPATH_SEARCH_PATHS = (
					"$(inherited)",
					"@executable_path/Frameworks",
				);
				PRODUCT_BUNDLE_IDENTIFIER = com.sz.HikingClub;
				PRODUCT_NAME = "$(TARGET_NAME)";
				PROVISIONING_PROFILE_SPECIFIER = mashuphikingclub;
				SWIFT_VERSION = 5.0;
				TARGETED_DEVICE_FAMILY = 1;
			};
			name = Release;
		};
/* End XCBuildConfiguration section */

/* Begin XCConfigurationList section */
		775507EE26F842E5005B8763 /* Build configuration list for PBXProject "HikingClub" */ = {
			isa = XCConfigurationList;
			buildConfigurations = (
				7755080526F842E6005B8763 /* Debug */,
				7755080626F842E6005B8763 /* Release */,
			);
			defaultConfigurationIsVisible = 0;
			defaultConfigurationName = Release;
		};
		7755080726F842E6005B8763 /* Build configuration list for PBXNativeTarget "HikingClub" */ = {
			isa = XCConfigurationList;
			buildConfigurations = (
				7755080826F842E6005B8763 /* Debug */,
				7755080926F842E6005B8763 /* Release */,
			);
			defaultConfigurationIsVisible = 0;
			defaultConfigurationName = Release;
		};
/* End XCConfigurationList section */

/* Begin XCRemoteSwiftPackageReference section */
		7755080A26F84DA0005B8763 /* XCRemoteSwiftPackageReference "RxSwift" */ = {
			isa = XCRemoteSwiftPackageReference;
			repositoryURL = "https://github.com/ReactiveX/RxSwift";
			requirement = {
				kind = upToNextMajorVersion;
				minimumVersion = 6.2.0;
			};
		};
		7755081526F84DCF005B8763 /* XCRemoteSwiftPackageReference "Kingfisher" */ = {
			isa = XCRemoteSwiftPackageReference;
			repositoryURL = "https://github.com/onevcat/Kingfisher";
			requirement = {
				kind = upToNextMajorVersion;
				minimumVersion = 6.3.1;
			};
		};
		7755081826F84E03005B8763 /* XCRemoteSwiftPackageReference "lottie-ios" */ = {
			isa = XCRemoteSwiftPackageReference;
			repositoryURL = "https://github.com/airbnb/lottie-ios";
			requirement = {
				kind = upToNextMajorVersion;
				minimumVersion = 3.2.3;
			};
		};
		7755081B26F84E52005B8763 /* XCRemoteSwiftPackageReference "Moya" */ = {
			isa = XCRemoteSwiftPackageReference;
			repositoryURL = "https://github.com/Moya/Moya";
			requirement = {
				kind = upToNextMajorVersion;
				minimumVersion = 15.0.0;
			};
		};
		77B7A1262708A674008F5530 /* XCRemoteSwiftPackageReference "SnapKit" */ = {
			isa = XCRemoteSwiftPackageReference;
			repositoryURL = "https://github.com/SnapKit/SnapKit";
			requirement = {
				kind = upToNextMajorVersion;
				minimumVersion = 5.0.0;
			};
		};
/* End XCRemoteSwiftPackageReference section */

/* Begin XCSwiftPackageProductDependency section */
		7755080B26F84DA0005B8763 /* RxSwift */ = {
			isa = XCSwiftPackageProductDependency;
			package = 7755080A26F84DA0005B8763 /* XCRemoteSwiftPackageReference "RxSwift" */;
			productName = RxSwift;
		};
		7755080F26F84DA0005B8763 /* RxRelay */ = {
			isa = XCSwiftPackageProductDependency;
			package = 7755080A26F84DA0005B8763 /* XCRemoteSwiftPackageReference "RxSwift" */;
			productName = RxRelay;
		};
		7755081126F84DA0005B8763 /* RxCocoa */ = {
			isa = XCSwiftPackageProductDependency;
			package = 7755080A26F84DA0005B8763 /* XCRemoteSwiftPackageReference "RxSwift" */;
			productName = RxCocoa;
		};
		7755081626F84DCF005B8763 /* Kingfisher */ = {
			isa = XCSwiftPackageProductDependency;
			package = 7755081526F84DCF005B8763 /* XCRemoteSwiftPackageReference "Kingfisher" */;
			productName = Kingfisher;
		};
		7755081926F84E03005B8763 /* Lottie */ = {
			isa = XCSwiftPackageProductDependency;
			package = 7755081826F84E03005B8763 /* XCRemoteSwiftPackageReference "lottie-ios" */;
			productName = Lottie;
		};
		7755081C26F84E52005B8763 /* ReactiveMoya */ = {
			isa = XCSwiftPackageProductDependency;
			package = 7755081B26F84E52005B8763 /* XCRemoteSwiftPackageReference "Moya" */;
			productName = ReactiveMoya;
		};
		7755081E26F84E52005B8763 /* CombineMoya */ = {
			isa = XCSwiftPackageProductDependency;
			package = 7755081B26F84E52005B8763 /* XCRemoteSwiftPackageReference "Moya" */;
			productName = CombineMoya;
		};
		7755082026F84E52005B8763 /* RxMoya */ = {
			isa = XCSwiftPackageProductDependency;
			package = 7755081B26F84E52005B8763 /* XCRemoteSwiftPackageReference "Moya" */;
			productName = RxMoya;
		};
		7755082226F84E52005B8763 /* Moya */ = {
			isa = XCSwiftPackageProductDependency;
			package = 7755081B26F84E52005B8763 /* XCRemoteSwiftPackageReference "Moya" */;
			productName = Moya;
		};
		77B7A1272708A674008F5530 /* SnapKit */ = {
			isa = XCSwiftPackageProductDependency;
			package = 77B7A1262708A674008F5530 /* XCRemoteSwiftPackageReference "SnapKit" */;
			productName = SnapKit;
		};
/* End XCSwiftPackageProductDependency section */
	};
	rootObject = 775507EB26F842E5005B8763 /* Project object */;
}
