// !$*UTF8*$!
{
	archiveVersion = 1;
	classes = {
	};
	objectVersion = 52;
	objects = {

/* Begin PBXBuildFile section */
		064A960F272185F900939AD5 /* NDToastView.swift in Sources */ = {isa = PBXBuildFile; fileRef = 064A960E272185F900939AD5 /* NDToastView.swift */; };
		0654DFEE273682CE00B96F15 /* SearchResultViewController.swift in Sources */ = {isa = PBXBuildFile; fileRef = 0654DFED273682CE00B96F15 /* SearchResultViewController.swift */; };
		0654DFF02736848700B96F15 /* SearchResultViewModel.swift in Sources */ = {isa = PBXBuildFile; fileRef = 0654DFEF2736848700B96F15 /* SearchResultViewModel.swift */; };
		06679F07271EB39000D63AE1 /* NDButtons.swift in Sources */ = {isa = PBXBuildFile; fileRef = 06679F06271EB39000D63AE1 /* NDButtons.swift */; };
		06679F09271EB3E500D63AE1 /* NDCTAButton.swift in Sources */ = {isa = PBXBuildFile; fileRef = 06679F08271EB3E400D63AE1 /* NDCTAButton.swift */; };
		067DC4F026FEF8A000650862 /* NetworkProvider.swift in Sources */ = {isa = PBXBuildFile; fileRef = 067DC4EF26FEF8A000650862 /* NetworkProvider.swift */; };
		067DC4FB26FF19DE00650862 /* API.swift in Sources */ = {isa = PBXBuildFile; fileRef = 067DC4FA26FF19DE00650862 /* API.swift */; };
		067DC4FF26FF213400650862 /* NetworkError.swift in Sources */ = {isa = PBXBuildFile; fileRef = 067DC4FE26FF213400650862 /* NetworkError.swift */; };
		067DC50126FF238F00650862 /* NetworkLogging.swift in Sources */ = {isa = PBXBuildFile; fileRef = 067DC50026FF238F00650862 /* NetworkLogging.swift */; };
		0684EA5B2734623300FC74D1 /* UITableViewCell+.swift in Sources */ = {isa = PBXBuildFile; fileRef = 0684EA5A2734623300FC74D1 /* UITableViewCell+.swift */; };
		06962E902727FC250021402F /* NDTabButton.swift in Sources */ = {isa = PBXBuildFile; fileRef = 06962E8F2727FC250021402F /* NDTabButton.swift */; };
		06962E93272927770021402F /* SearchViewController.swift in Sources */ = {isa = PBXBuildFile; fileRef = 06962E92272927770021402F /* SearchViewController.swift */; };
		06962E95272927A00021402F /* Search.storyboard in Resources */ = {isa = PBXBuildFile; fileRef = 06962E94272927A00021402F /* Search.storyboard */; };
		06962E97272928290021402F /* SearchViewModel.swift in Sources */ = {isa = PBXBuildFile; fileRef = 06962E96272928290021402F /* SearchViewModel.swift */; };
		06962E9A272A86100021402F /* RecentSearchCollectionViewCell.swift in Sources */ = {isa = PBXBuildFile; fileRef = 06962E98272A86100021402F /* RecentSearchCollectionViewCell.swift */; };
		06962E9B272A86100021402F /* RecentSearchCollectionViewCell.xib in Resources */ = {isa = PBXBuildFile; fileRef = 06962E99272A86100021402F /* RecentSearchCollectionViewCell.xib */; };
		06962E9F272BCD400021402F /* CategoryCollectionViewCell.swift in Sources */ = {isa = PBXBuildFile; fileRef = 06962E9D272BCD400021402F /* CategoryCollectionViewCell.swift */; };
		06962EA0272BCD400021402F /* CategoryCollectionViewCell.xib in Resources */ = {isa = PBXBuildFile; fileRef = 06962E9E272BCD400021402F /* CategoryCollectionViewCell.xib */; };
		0698EF31274CDCE100D7AF2A /* NDIndicator.swift in Sources */ = {isa = PBXBuildFile; fileRef = 0698EF30274CDCE100D7AF2A /* NDIndicator.swift */; };
		06A1EC8E27088F3E00EA78D8 /* HitThemeTableHeaderView.swift in Sources */ = {isa = PBXBuildFile; fileRef = 06A1EC8D27088F3E00EA78D8 /* HitThemeTableHeaderView.swift */; };
		06A1EC9027088F4400EA78D8 /* HitThemeTableHeaderView.xib in Resources */ = {isa = PBXBuildFile; fileRef = 06A1EC8F27088F4400EA78D8 /* HitThemeTableHeaderView.xib */; };
		06A1EC992708A7F300EA78D8 /* UIFont+.swift in Sources */ = {isa = PBXBuildFile; fileRef = 06A1EC982708A7F300EA78D8 /* UIFont+.swift */; };
		06A1EC9B2708B12A00EA78D8 /* UILabel+.swift in Sources */ = {isa = PBXBuildFile; fileRef = 06A1EC9A2708B12A00EA78D8 /* UILabel+.swift */; };
		06A1EC9D2708C5E800EA78D8 /* UIButton+.swift in Sources */ = {isa = PBXBuildFile; fileRef = 06A1EC9C2708C5E800EA78D8 /* UIButton+.swift */; };
		06A1ECA02708CEFA00EA78D8 /* HitThemeHeaderCollectionViewCell.swift in Sources */ = {isa = PBXBuildFile; fileRef = 06A1EC9E2708CEFA00EA78D8 /* HitThemeHeaderCollectionViewCell.swift */; };
		06A1ECA12708CEFA00EA78D8 /* HitThemeHeaderCollectionViewCell.xib in Resources */ = {isa = PBXBuildFile; fileRef = 06A1EC9F2708CEFA00EA78D8 /* HitThemeHeaderCollectionViewCell.xib */; };
		06A1ECA32708D21400EA78D8 /* UITableView+.swift in Sources */ = {isa = PBXBuildFile; fileRef = 06A1ECA22708D21400EA78D8 /* UITableView+.swift */; };
		06A1ECA52708D77900EA78D8 /* UICollectionView+.swift in Sources */ = {isa = PBXBuildFile; fileRef = 06A1ECA42708D77900EA78D8 /* UICollectionView+.swift */; };
		06A1ECA82711782100EA78D8 /* NDButton.swift in Sources */ = {isa = PBXBuildFile; fileRef = 06A1ECA72711782100EA78D8 /* NDButton.swift */; };
		06A1ECAA2711789500EA78D8 /* Colors.xcassets in Resources */ = {isa = PBXBuildFile; fileRef = 06A1ECA92711789500EA78D8 /* Colors.xcassets */; };
		06A1ECAC2711828900EA78D8 /* UIColor+.swift in Sources */ = {isa = PBXBuildFile; fileRef = 06A1ECAB2711828900EA78D8 /* UIColor+.swift */; };
		06A1ECB12712C10A00EA78D8 /* NDButtonTheme.swift in Sources */ = {isa = PBXBuildFile; fileRef = 06A1ECB02712C10A00EA78D8 /* NDButtonTheme.swift */; };
		06A1ECB327180C2F00EA78D8 /* NaviBar.swift in Sources */ = {isa = PBXBuildFile; fileRef = 06A1ECB227180C2F00EA78D8 /* NaviBar.swift */; };
		06A1ECB5271952B100EA78D8 /* NDTextFieldView.swift in Sources */ = {isa = PBXBuildFile; fileRef = 06A1ECB4271952B100EA78D8 /* NDTextFieldView.swift */; };
		06A1ECB7271967E600EA78D8 /* ComponentTestViewController.swift in Sources */ = {isa = PBXBuildFile; fileRef = 06A1ECB6271967E600EA78D8 /* ComponentTestViewController.swift */; };
		06A1ECB927198ED200EA78D8 /* UITextField+.swift in Sources */ = {isa = PBXBuildFile; fileRef = 06A1ECB827198ED200EA78D8 /* UITextField+.swift */; };
		06AB8CB827312461007F32AA /* RxTextFieldDelegateProxy.swift in Sources */ = {isa = PBXBuildFile; fileRef = 06AB8CB727312461007F32AA /* RxTextFieldDelegateProxy.swift */; };
		06AB8CBA273136F7007F32AA /* SearchCategoryResultViewController.swift in Sources */ = {isa = PBXBuildFile; fileRef = 06AB8CB9273136F7007F32AA /* SearchCategoryResultViewController.swift */; };
		06AB8CBC27326A3C007F32AA /* SearchCategoryResultViewModel.swift in Sources */ = {isa = PBXBuildFile; fileRef = 06AB8CBB27326A3C007F32AA /* SearchCategoryResultViewModel.swift */; };
		06AB8CBF273287B4007F32AA /* CategoryTabCollectionViewCell.swift in Sources */ = {isa = PBXBuildFile; fileRef = 06AB8CBD273287B4007F32AA /* CategoryTabCollectionViewCell.swift */; };
		06AB8CC0273287B4007F32AA /* CategoryTabCollectionViewCell.xib in Resources */ = {isa = PBXBuildFile; fileRef = 06AB8CBE273287B4007F32AA /* CategoryTabCollectionViewCell.xib */; };
		06B68F9727228FF9007174E1 /* NDSearchTextField.swift in Sources */ = {isa = PBXBuildFile; fileRef = 06B68F9627228FF9007174E1 /* NDSearchTextField.swift */; };
		06BC1F74271C1B79001A6584 /* NDAlert.swift in Sources */ = {isa = PBXBuildFile; fileRef = 06BC1F73271C1B79001A6584 /* NDAlert.swift */; };
		06BE34932740225400F4917A /* CategoryModel.swift in Sources */ = {isa = PBXBuildFile; fileRef = 06BE34922740225400F4917A /* CategoryModel.swift */; };
		06BE349527403FFB00F4917A /* EmptyView.swift in Sources */ = {isa = PBXBuildFile; fileRef = 06BE349427403FFB00F4917A /* EmptyView.swift */; };
		06BE34982746024500F4917A /* RoadModel.swift in Sources */ = {isa = PBXBuildFile; fileRef = 06BE34972746024500F4917A /* RoadModel.swift */; };
		06BE349A2746037D00F4917A /* RoadListRequestModel.swift in Sources */ = {isa = PBXBuildFile; fileRef = 06BE34992746037D00F4917A /* RoadListRequestModel.swift */; };
		06BE349F2746231800F4917A /* Road.swift in Sources */ = {isa = PBXBuildFile; fileRef = 06BE349E2746231700F4917A /* Road.swift */; };
		06BE34A227462F0600F4917A /* WalkCalculator.swift in Sources */ = {isa = PBXBuildFile; fileRef = 06BE34A127462F0600F4917A /* WalkCalculator.swift */; };
		06D4FF2A27390A8400300AE5 /* UserDefault+.swift in Sources */ = {isa = PBXBuildFile; fileRef = 06D4FF2927390A8400300AE5 /* UserDefault+.swift */; };
		06D4FF2C27390F3900300AE5 /* UserDefaultManager.swift in Sources */ = {isa = PBXBuildFile; fileRef = 06D4FF2B27390F3900300AE5 /* UserDefaultManager.swift */; };
		06D4FF2F273939C100300AE5 /* RecentSearchUserDefault.swift in Sources */ = {isa = PBXBuildFile; fileRef = 06D4FF2E273939C100300AE5 /* RecentSearchUserDefault.swift */; };
		06D4FF322739452200300AE5 /* CategoryCollectionView.swift in Sources */ = {isa = PBXBuildFile; fileRef = 06D4FF312739452200300AE5 /* CategoryCollectionView.swift */; };
		06D4FF362739494100300AE5 /* CategoryTabCollectionView.swift in Sources */ = {isa = PBXBuildFile; fileRef = 06D4FF352739494100300AE5 /* CategoryTabCollectionView.swift */; };
		283AF0502708672C0033ED71 /* Home.storyboard in Resources */ = {isa = PBXBuildFile; fileRef = 283AF04F2708672C0033ED71 /* Home.storyboard */; };
		283AF06D27086B950033ED71 /* HomeViewController.swift in Sources */ = {isa = PBXBuildFile; fileRef = 283AF06C27086B940033ED71 /* HomeViewController.swift */; };
		283AF07727086DA40033ED71 /* RoadTableViewCell.swift in Sources */ = {isa = PBXBuildFile; fileRef = 283AF07527086DA40033ED71 /* RoadTableViewCell.swift */; };
		283AF07827086DA40033ED71 /* RoadTableViewCell.xib in Resources */ = {isa = PBXBuildFile; fileRef = 283AF07627086DA40033ED71 /* RoadTableViewCell.xib */; };
		283AF0832708B6440033ED71 /* RoadHashTagView.swift in Sources */ = {isa = PBXBuildFile; fileRef = 283AF0822708B6440033ED71 /* RoadHashTagView.swift */; };
		28B86D3E273FE67100E962A8 /* VersionInfoViewModel.swift in Sources */ = {isa = PBXBuildFile; fileRef = 28B86D3D273FE67100E962A8 /* VersionInfoViewModel.swift */; };
		28B86D49273FE8AF00E962A8 /* PersonalInformationViewController.swift in Sources */ = {isa = PBXBuildFile; fileRef = 28B86D48273FE8AF00E962A8 /* PersonalInformationViewController.swift */; };
		28B86D4D273FE8C300E962A8 /* PersonalInformationViewModel.swift in Sources */ = {isa = PBXBuildFile; fileRef = 28B86D4C273FE8C300E962A8 /* PersonalInformationViewModel.swift */; };
		28B86D502740399800E962A8 /* InquiryViewController.swift in Sources */ = {isa = PBXBuildFile; fileRef = 28B86D4F2740399800E962A8 /* InquiryViewController.swift */; };
		28B86D52274039BA00E962A8 /* inquiryMenuViewModel.swift in Sources */ = {isa = PBXBuildFile; fileRef = 28B86D51274039BA00E962A8 /* inquiryMenuViewModel.swift */; };
		28B86D5427403C9100E962A8 /* InquiryListCell.swift in Sources */ = {isa = PBXBuildFile; fileRef = 28B86D5327403C9100E962A8 /* InquiryListCell.swift */; };
		28ED07F5273681C700D33354 /* VersionInfoViewController.swift in Sources */ = {isa = PBXBuildFile; fileRef = 28ED07F4273681C700D33354 /* VersionInfoViewController.swift */; };
		28ED07FD2736833500D33354 /* VersionInfo.storyboard in Resources */ = {isa = PBXBuildFile; fileRef = 28ED07FC2736833500D33354 /* VersionInfo.storyboard */; };
		770BB53B274FCD33002EDD6B /* NDLocationManager.swift in Sources */ = {isa = PBXBuildFile; fileRef = 770BB53A274FCD33002EDD6B /* NDLocationManager.swift */; };
		770BB53D27535E5E002EDD6B /* NotificationName+.swift in Sources */ = {isa = PBXBuildFile; fileRef = 770BB53C27535E5E002EDD6B /* NotificationName+.swift */; };
		770BB53F27535ECC002EDD6B /* PrimitiveSequence+.swift in Sources */ = {isa = PBXBuildFile; fileRef = 770BB53E27535ECC002EDD6B /* PrimitiveSequence+.swift */; };
		771230DC27283EDA003B63E5 /* MyPageViewController.swift in Sources */ = {isa = PBXBuildFile; fileRef = 771230DB27283EDA003B63E5 /* MyPageViewController.swift */; };
		77125D92274A7DDC003885C2 /* SettingViewModel.swift in Sources */ = {isa = PBXBuildFile; fileRef = 77125D91274A7DDC003885C2 /* SettingViewModel.swift */; };
		77125D94274BCB3D003885C2 /* MyPageViewModel.swift in Sources */ = {isa = PBXBuildFile; fileRef = 77125D93274BCB3D003885C2 /* MyPageViewModel.swift */; };
		77125D97274BD288003885C2 /* Profile.swift in Sources */ = {isa = PBXBuildFile; fileRef = 77125D96274BD288003885C2 /* Profile.swift */; };
		77169DD1270C8C36000AB1D2 /* BaseViewController.swift in Sources */ = {isa = PBXBuildFile; fileRef = 77169DD0270C8C36000AB1D2 /* BaseViewController.swift */; };
		77213CF82708EF1600994C9A /* BaseWebView.swift in Sources */ = {isa = PBXBuildFile; fileRef = 77213CF72708EF1600994C9A /* BaseWebView.swift */; };
		7722136F27401F1400A42CCA /* Kingfisher in Frameworks */ = {isa = PBXBuildFile; productRef = 7722136E27401F1400A42CCA /* Kingfisher */; };
		77221371274040C900A42CCA /* InitialSettingViewModel.swift in Sources */ = {isa = PBXBuildFile; fileRef = 77221370274040C900A42CCA /* InitialSettingViewModel.swift */; };
		772213742742A3C400A42CCA /* lottie_start.json in Resources */ = {isa = PBXBuildFile; fileRef = 772213732742A3C400A42CCA /* lottie_start.json */; };
		772213772742B02500A42CCA /* UserInformationUserDefault.swift in Sources */ = {isa = PBXBuildFile; fileRef = 772213762742B02500A42CCA /* UserInformationUserDefault.swift */; };
		77238834273FDC2200F3AA84 /* SignUpAPI.swift in Sources */ = {isa = PBXBuildFile; fileRef = 77238833273FDC2200F3AA84 /* SignUpAPI.swift */; };
		77238836273FDC2B00F3AA84 /* SignUpService.swift in Sources */ = {isa = PBXBuildFile; fileRef = 77238835273FDC2B00F3AA84 /* SignUpService.swift */; };
		773C1D902718562A001AB7EB /* UIStoryBoard+.swift in Sources */ = {isa = PBXBuildFile; fileRef = 773C1D8F2718562A001AB7EB /* UIStoryBoard+.swift */; };
		773D61A02719D0D0001528B3 /* SignInViewController.swift in Sources */ = {isa = PBXBuildFile; fileRef = 773D619F2719D0D0001528B3 /* SignInViewController.swift */; };
		773D61A32719D872001528B3 /* ChangePasswordViewController.swift in Sources */ = {isa = PBXBuildFile; fileRef = 773D61A22719D872001528B3 /* ChangePasswordViewController.swift */; };
		773DF08C2737A2600025DC91 /* SelectTownTableViewCell.swift in Sources */ = {isa = PBXBuildFile; fileRef = 773DF08B2737A2600025DC91 /* SelectTownTableViewCell.swift */; };
		773DF08E2737A2AB0025DC91 /* SelectTownViewModel.swift in Sources */ = {isa = PBXBuildFile; fileRef = 773DF08D2737A2AB0025DC91 /* SelectTownViewModel.swift */; };
		7741F98E27171CC2005B3D88 /* UIViewController+.swift in Sources */ = {isa = PBXBuildFile; fileRef = 7741F98D27171CC2005B3D88 /* UIViewController+.swift */; };
		775507F726F842E5005B8763 /* AppDelegate.swift in Sources */ = {isa = PBXBuildFile; fileRef = 775507F626F842E5005B8763 /* AppDelegate.swift */; };
		775507F926F842E5005B8763 /* SceneDelegate.swift in Sources */ = {isa = PBXBuildFile; fileRef = 775507F826F842E5005B8763 /* SceneDelegate.swift */; };
		775507FB26F842E5005B8763 /* MainTabBarController.swift in Sources */ = {isa = PBXBuildFile; fileRef = 775507FA26F842E5005B8763 /* MainTabBarController.swift */; };
		775507FE26F842E5005B8763 /* Main.storyboard in Resources */ = {isa = PBXBuildFile; fileRef = 775507FC26F842E5005B8763 /* Main.storyboard */; };
		7755080026F842E6005B8763 /* Assets.xcassets in Resources */ = {isa = PBXBuildFile; fileRef = 775507FF26F842E6005B8763 /* Assets.xcassets */; };
		7755080326F842E6005B8763 /* LaunchScreen.storyboard in Resources */ = {isa = PBXBuildFile; fileRef = 7755080126F842E6005B8763 /* LaunchScreen.storyboard */; };
		7755080C26F84DA0005B8763 /* RxSwift in Frameworks */ = {isa = PBXBuildFile; productRef = 7755080B26F84DA0005B8763 /* RxSwift */; };
		7755081026F84DA0005B8763 /* RxRelay in Frameworks */ = {isa = PBXBuildFile; productRef = 7755080F26F84DA0005B8763 /* RxRelay */; };
		7755081226F84DA0005B8763 /* RxCocoa in Frameworks */ = {isa = PBXBuildFile; productRef = 7755081126F84DA0005B8763 /* RxCocoa */; };
		7755081A26F84E03005B8763 /* Lottie in Frameworks */ = {isa = PBXBuildFile; productRef = 7755081926F84E03005B8763 /* Lottie */; };
		7755081D26F84E52005B8763 /* ReactiveMoya in Frameworks */ = {isa = PBXBuildFile; productRef = 7755081C26F84E52005B8763 /* ReactiveMoya */; };
		7755081F26F84E52005B8763 /* CombineMoya in Frameworks */ = {isa = PBXBuildFile; productRef = 7755081E26F84E52005B8763 /* CombineMoya */; };
		7755082126F84E52005B8763 /* RxMoya in Frameworks */ = {isa = PBXBuildFile; productRef = 7755082026F84E52005B8763 /* RxMoya */; };
		7755082326F84E52005B8763 /* Moya in Frameworks */ = {isa = PBXBuildFile; productRef = 7755082226F84E52005B8763 /* Moya */; };
		775B959D271C2512004D4540 /* ScrollViewKeyboardApperanceProtocol.swift in Sources */ = {isa = PBXBuildFile; fileRef = 775B959C271C2512004D4540 /* ScrollViewKeyboardApperanceProtocol.swift */; };
		775B95A8271F0BD9004D4540 /* AssetImage.swift in Sources */ = {isa = PBXBuildFile; fileRef = 775B95A7271F0BD9004D4540 /* AssetImage.swift */; };
		775B95AA271F110A004D4540 /* UIImageView+.swift in Sources */ = {isa = PBXBuildFile; fileRef = 775B95A9271F110A004D4540 /* UIImageView+.swift */; };
		775B95AC27204D1C004D4540 /* UITabBarItem+.swift in Sources */ = {isa = PBXBuildFile; fileRef = 775B95AB27204D1C004D4540 /* UITabBarItem+.swift */; };
		7760CA8D27252ED2006B39A9 /* EmailAuthorizeViewModel.swift in Sources */ = {isa = PBXBuildFile; fileRef = 7760CA8C27252ED2006B39A9 /* EmailAuthorizeViewModel.swift */; };
		7760CA91272540B2006B39A9 /* PlaceAPI.swift in Sources */ = {isa = PBXBuildFile; fileRef = 7760CA90272540B2006B39A9 /* PlaceAPI.swift */; };
		7760CA942725411E006B39A9 /* PlaceRequestModel.swift in Sources */ = {isa = PBXBuildFile; fileRef = 7760CA932725411E006B39A9 /* PlaceRequestModel.swift */; };
		7760CA96272541D0006B39A9 /* Encodable+.swift in Sources */ = {isa = PBXBuildFile; fileRef = 7760CA95272541D0006B39A9 /* Encodable+.swift */; };
		7760CA9927254249006B39A9 /* PlaceService.swift in Sources */ = {isa = PBXBuildFile; fileRef = 7760CA9827254249006B39A9 /* PlaceService.swift */; };
		7760CA9B27259C24006B39A9 /* ResponseModel.swift in Sources */ = {isa = PBXBuildFile; fileRef = 7760CA9A27259C24006B39A9 /* ResponseModel.swift */; };
		7760CA9E27259F53006B39A9 /* PlaceModel.swift in Sources */ = {isa = PBXBuildFile; fileRef = 7760CA9D27259F53006B39A9 /* PlaceModel.swift */; };
		7761AC0B273D641E0029BCF2 /* InitialCategorySettingViewModel.swift in Sources */ = {isa = PBXBuildFile; fileRef = 7761AC0A273D641E0029BCF2 /* InitialCategorySettingViewModel.swift */; };
		77764FCA2732ABB700A216C8 /* SettingViewController.swift in Sources */ = {isa = PBXBuildFile; fileRef = 77764FC92732ABB700A216C8 /* SettingViewController.swift */; };
		77764FCD2732AC4200A216C8 /* MyPageListHeaderButtonView.swift in Sources */ = {isa = PBXBuildFile; fileRef = 77764FCC2732AC4200A216C8 /* MyPageListHeaderButtonView.swift */; };
		77764FCF2732AC6F00A216C8 /* MyPageListHeaderButton.swift in Sources */ = {isa = PBXBuildFile; fileRef = 77764FCE2732AC6F00A216C8 /* MyPageListHeaderButton.swift */; };
		77764FD32732DA5800A216C8 /* MenuButtonView.swift in Sources */ = {isa = PBXBuildFile; fileRef = 77764FD22732DA5800A216C8 /* MenuButtonView.swift */; };
		7776BEE527366666009EC168 /* MypageListSectionHeaderView.swift in Sources */ = {isa = PBXBuildFile; fileRef = 7776BEE427366666009EC168 /* MypageListSectionHeaderView.swift */; };
		7776BEE727366D36009EC168 /* MypageListNicknameHeaderView.swift in Sources */ = {isa = PBXBuildFile; fileRef = 7776BEE627366D36009EC168 /* MypageListNicknameHeaderView.swift */; };
		7776BEEA27368343009EC168 /* SelectTownViewController.swift in Sources */ = {isa = PBXBuildFile; fileRef = 7776BEE927368343009EC168 /* SelectTownViewController.swift */; };
		777B5169271197B800299430 /* UIView+.swift in Sources */ = {isa = PBXBuildFile; fileRef = 777B5168271197B800299430 /* UIView+.swift */; };
		777B516B2711981400299430 /* UIStackView+.swift in Sources */ = {isa = PBXBuildFile; fileRef = 777B516A2711981400299430 /* UIStackView+.swift */; };
		777B516F27119A9200299430 /* CodeBasedView.swift in Sources */ = {isa = PBXBuildFile; fileRef = 777B516E27119A9200299430 /* CodeBasedView.swift */; };
		777B517327129D6500299430 /* CodeBasedProtocol.swift in Sources */ = {isa = PBXBuildFile; fileRef = 777B517227129D6500299430 /* CodeBasedProtocol.swift */; };
		777B517527129E6300299430 /* GreetingView.swift in Sources */ = {isa = PBXBuildFile; fileRef = 777B517427129E6300299430 /* GreetingView.swift */; };
		777B517727129EA700299430 /* SignUpTermStackView.swift in Sources */ = {isa = PBXBuildFile; fileRef = 777B517627129EA700299430 /* SignUpTermStackView.swift */; };
		777B517A2712AA2300299430 /* SignUpInputViewController.swift in Sources */ = {isa = PBXBuildFile; fileRef = 777B51792712AA2300299430 /* SignUpInputViewController.swift */; };
		777B517C2712AEB300299430 /* EmailAuthroizeViewController.swift in Sources */ = {isa = PBXBuildFile; fileRef = 777B517B2712AEB300299430 /* EmailAuthroizeViewController.swift */; };
		777B517E2714336700299430 /* InitialSettingViewController.swift in Sources */ = {isa = PBXBuildFile; fileRef = 777B517D2714336700299430 /* InitialSettingViewController.swift */; };
		777B51802714472B00299430 /* TermDetailViewController.swift in Sources */ = {isa = PBXBuildFile; fileRef = 777B517F2714472B00299430 /* TermDetailViewController.swift */; };
		777B51852714553600299430 /* InitialCategorySettingViewController.swift in Sources */ = {isa = PBXBuildFile; fileRef = 777B51842714553600299430 /* InitialCategorySettingViewController.swift */; };
		7784885D274D18DE00437D51 /* UserInformationManager.swift in Sources */ = {isa = PBXBuildFile; fileRef = 7784885C274D18DE00437D51 /* UserInformationManager.swift */; };
		779B94FB2745557100325353 /* TermDetailViewModel.swift in Sources */ = {isa = PBXBuildFile; fileRef = 779B94FA2745557100325353 /* TermDetailViewModel.swift */; };
		779B94FE27467D8C00325353 /* SignUpRequestModel.swift in Sources */ = {isa = PBXBuildFile; fileRef = 779B94FD27467D8C00325353 /* SignUpRequestModel.swift */; };
		779B950227467E0600325353 /* EmailVerifiactionService.swift in Sources */ = {isa = PBXBuildFile; fileRef = 779B950127467E0600325353 /* EmailVerifiactionService.swift */; };
		779B950427467E1B00325353 /* EmailVerificationAPI.swift in Sources */ = {isa = PBXBuildFile; fileRef = 779B950327467E1B00325353 /* EmailVerificationAPI.swift */; };
		779B950627467E8C00325353 /* EmailVerificationRequestModel.swift in Sources */ = {isa = PBXBuildFile; fileRef = 779B950527467E8C00325353 /* EmailVerificationRequestModel.swift */; };
		779B950A2746816600325353 /* UserAPI.swift in Sources */ = {isa = PBXBuildFile; fileRef = 779B95092746816600325353 /* UserAPI.swift */; };
		779B950C2746818F00325353 /* UserService.swift in Sources */ = {isa = PBXBuildFile; fileRef = 779B950B2746818F00325353 /* UserService.swift */; };
		779B950E274681C600325353 /* UserRequestModel.swift in Sources */ = {isa = PBXBuildFile; fileRef = 779B950D274681C600325353 /* UserRequestModel.swift */; };
		779B95112746866500325353 /* ChangePasswordViewModel.swift in Sources */ = {isa = PBXBuildFile; fileRef = 779B95102746866500325353 /* ChangePasswordViewModel.swift */; };
		77B7A1252708A1C2008F5530 /* WebViewController.swift in Sources */ = {isa = PBXBuildFile; fileRef = 77B7A1242708A1C2008F5530 /* WebViewController.swift */; };
		77B7A1282708A674008F5530 /* SnapKit in Frameworks */ = {isa = PBXBuildFile; productRef = 77B7A1272708A674008F5530 /* SnapKit */; };
		77C69BE727294613004C2207 /* SignUpViewModel.swift in Sources */ = {isa = PBXBuildFile; fileRef = 77C69BE627294613004C2207 /* SignUpViewModel.swift */; };
		77C69BE927294775004C2207 /* SignUpInputViewModel.swift in Sources */ = {isa = PBXBuildFile; fileRef = 77C69BE827294775004C2207 /* SignUpInputViewModel.swift */; };
		77C69BEB272CD4E6004C2207 /* KeyboardAccessoryToolbar.swift in Sources */ = {isa = PBXBuildFile; fileRef = 77C69BEA272CD4E6004C2207 /* KeyboardAccessoryToolbar.swift */; };
		77C69BF0272D96A3004C2207 /* SignInReqeustModel.swift in Sources */ = {isa = PBXBuildFile; fileRef = 77C69BEF272D96A3004C2207 /* SignInReqeustModel.swift */; };
		77C69BF2272D96F2004C2207 /* SignInAPI.swift in Sources */ = {isa = PBXBuildFile; fileRef = 77C69BF1272D96F2004C2207 /* SignInAPI.swift */; };
		77C69BF4272D977B004C2207 /* SignInService.swift in Sources */ = {isa = PBXBuildFile; fileRef = 77C69BF3272D977B004C2207 /* SignInService.swift */; };
		77C69BF6272D9803004C2207 /* SignInResponseModel.swift in Sources */ = {isa = PBXBuildFile; fileRef = 77C69BF5272D9803004C2207 /* SignInResponseModel.swift */; };
		77C69BF8272D9DE3004C2207 /* SignInViewModel.swift in Sources */ = {isa = PBXBuildFile; fileRef = 77C69BF7272D9DE3004C2207 /* SignInViewModel.swift */; };
		77E59131270DDCFA0070F381 /* BaseViewModel.swift in Sources */ = {isa = PBXBuildFile; fileRef = 77E59130270DDCFA0070F381 /* BaseViewModel.swift */; };
		77E59133270DDDA40070F381 /* HomeViewModel.swift in Sources */ = {isa = PBXBuildFile; fileRef = 77E59132270DDDA40070F381 /* HomeViewModel.swift */; };
		77E59135270DDFCF0070F381 /* WebViewModel.swift in Sources */ = {isa = PBXBuildFile; fileRef = 77E59134270DDFCF0070F381 /* WebViewModel.swift */; };
		77E5913827115F890070F381 /* LoginNavigationViewController.swift in Sources */ = {isa = PBXBuildFile; fileRef = 77E5913727115F890070F381 /* LoginNavigationViewController.swift */; };
		77E5913C271170860070F381 /* LoginNavigationViewModel.swift in Sources */ = {isa = PBXBuildFile; fileRef = 77E5913B271170860070F381 /* LoginNavigationViewModel.swift */; };
		77E591402711723C0070F381 /* SignUpViewController.swift in Sources */ = {isa = PBXBuildFile; fileRef = 77E5913F2711723C0070F381 /* SignUpViewController.swift */; };
/* End PBXBuildFile section */

/* Begin PBXFileReference section */
		064A960E272185F900939AD5 /* NDToastView.swift */ = {isa = PBXFileReference; lastKnownFileType = sourcecode.swift; path = NDToastView.swift; sourceTree = "<group>"; };
		0654DFED273682CE00B96F15 /* SearchResultViewController.swift */ = {isa = PBXFileReference; lastKnownFileType = sourcecode.swift; path = SearchResultViewController.swift; sourceTree = "<group>"; };
		0654DFEF2736848700B96F15 /* SearchResultViewModel.swift */ = {isa = PBXFileReference; lastKnownFileType = sourcecode.swift; path = SearchResultViewModel.swift; sourceTree = "<group>"; };
		06679F06271EB39000D63AE1 /* NDButtons.swift */ = {isa = PBXFileReference; lastKnownFileType = sourcecode.swift; path = NDButtons.swift; sourceTree = "<group>"; };
		06679F08271EB3E400D63AE1 /* NDCTAButton.swift */ = {isa = PBXFileReference; lastKnownFileType = sourcecode.swift; path = NDCTAButton.swift; sourceTree = "<group>"; };
		067DC4EF26FEF8A000650862 /* NetworkProvider.swift */ = {isa = PBXFileReference; lastKnownFileType = sourcecode.swift; path = NetworkProvider.swift; sourceTree = "<group>"; };
		067DC4FA26FF19DE00650862 /* API.swift */ = {isa = PBXFileReference; lastKnownFileType = sourcecode.swift; path = API.swift; sourceTree = "<group>"; };
		067DC4FE26FF213400650862 /* NetworkError.swift */ = {isa = PBXFileReference; lastKnownFileType = sourcecode.swift; path = NetworkError.swift; sourceTree = "<group>"; };
		067DC50026FF238F00650862 /* NetworkLogging.swift */ = {isa = PBXFileReference; lastKnownFileType = sourcecode.swift; path = NetworkLogging.swift; sourceTree = "<group>"; };
		0684EA5A2734623300FC74D1 /* UITableViewCell+.swift */ = {isa = PBXFileReference; lastKnownFileType = sourcecode.swift; path = "UITableViewCell+.swift"; sourceTree = "<group>"; };
		06962E8F2727FC250021402F /* NDTabButton.swift */ = {isa = PBXFileReference; lastKnownFileType = sourcecode.swift; path = NDTabButton.swift; sourceTree = "<group>"; };
		06962E92272927770021402F /* SearchViewController.swift */ = {isa = PBXFileReference; lastKnownFileType = sourcecode.swift; path = SearchViewController.swift; sourceTree = "<group>"; };
		06962E94272927A00021402F /* Search.storyboard */ = {isa = PBXFileReference; lastKnownFileType = file.storyboard; path = Search.storyboard; sourceTree = "<group>"; };
		06962E96272928290021402F /* SearchViewModel.swift */ = {isa = PBXFileReference; lastKnownFileType = sourcecode.swift; path = SearchViewModel.swift; sourceTree = "<group>"; };
		06962E98272A86100021402F /* RecentSearchCollectionViewCell.swift */ = {isa = PBXFileReference; lastKnownFileType = sourcecode.swift; path = RecentSearchCollectionViewCell.swift; sourceTree = "<group>"; };
		06962E99272A86100021402F /* RecentSearchCollectionViewCell.xib */ = {isa = PBXFileReference; lastKnownFileType = file.xib; path = RecentSearchCollectionViewCell.xib; sourceTree = "<group>"; };
		06962E9D272BCD400021402F /* CategoryCollectionViewCell.swift */ = {isa = PBXFileReference; lastKnownFileType = sourcecode.swift; path = CategoryCollectionViewCell.swift; sourceTree = "<group>"; };
		06962E9E272BCD400021402F /* CategoryCollectionViewCell.xib */ = {isa = PBXFileReference; lastKnownFileType = file.xib; path = CategoryCollectionViewCell.xib; sourceTree = "<group>"; };
		0698EF30274CDCE100D7AF2A /* NDIndicator.swift */ = {isa = PBXFileReference; lastKnownFileType = sourcecode.swift; path = NDIndicator.swift; sourceTree = "<group>"; };
		06A1EC8D27088F3E00EA78D8 /* HitThemeTableHeaderView.swift */ = {isa = PBXFileReference; lastKnownFileType = sourcecode.swift; path = HitThemeTableHeaderView.swift; sourceTree = "<group>"; };
		06A1EC8F27088F4400EA78D8 /* HitThemeTableHeaderView.xib */ = {isa = PBXFileReference; lastKnownFileType = file.xib; path = HitThemeTableHeaderView.xib; sourceTree = "<group>"; };
		06A1EC982708A7F300EA78D8 /* UIFont+.swift */ = {isa = PBXFileReference; lastKnownFileType = sourcecode.swift; path = "UIFont+.swift"; sourceTree = "<group>"; };
		06A1EC9A2708B12A00EA78D8 /* UILabel+.swift */ = {isa = PBXFileReference; lastKnownFileType = sourcecode.swift; path = "UILabel+.swift"; sourceTree = "<group>"; };
		06A1EC9C2708C5E800EA78D8 /* UIButton+.swift */ = {isa = PBXFileReference; lastKnownFileType = sourcecode.swift; path = "UIButton+.swift"; sourceTree = "<group>"; };
		06A1EC9E2708CEFA00EA78D8 /* HitThemeHeaderCollectionViewCell.swift */ = {isa = PBXFileReference; lastKnownFileType = sourcecode.swift; path = HitThemeHeaderCollectionViewCell.swift; sourceTree = "<group>"; };
		06A1EC9F2708CEFA00EA78D8 /* HitThemeHeaderCollectionViewCell.xib */ = {isa = PBXFileReference; lastKnownFileType = file.xib; path = HitThemeHeaderCollectionViewCell.xib; sourceTree = "<group>"; };
		06A1ECA22708D21400EA78D8 /* UITableView+.swift */ = {isa = PBXFileReference; lastKnownFileType = sourcecode.swift; path = "UITableView+.swift"; sourceTree = "<group>"; };
		06A1ECA42708D77900EA78D8 /* UICollectionView+.swift */ = {isa = PBXFileReference; lastKnownFileType = sourcecode.swift; path = "UICollectionView+.swift"; sourceTree = "<group>"; };
		06A1ECA72711782100EA78D8 /* NDButton.swift */ = {isa = PBXFileReference; lastKnownFileType = sourcecode.swift; path = NDButton.swift; sourceTree = "<group>"; };
		06A1ECA92711789500EA78D8 /* Colors.xcassets */ = {isa = PBXFileReference; lastKnownFileType = folder.assetcatalog; path = Colors.xcassets; sourceTree = "<group>"; };
		06A1ECAB2711828900EA78D8 /* UIColor+.swift */ = {isa = PBXFileReference; lastKnownFileType = sourcecode.swift; path = "UIColor+.swift"; sourceTree = "<group>"; };
		06A1ECB02712C10A00EA78D8 /* NDButtonTheme.swift */ = {isa = PBXFileReference; lastKnownFileType = sourcecode.swift; path = NDButtonTheme.swift; sourceTree = "<group>"; };
		06A1ECB227180C2F00EA78D8 /* NaviBar.swift */ = {isa = PBXFileReference; lastKnownFileType = sourcecode.swift; path = NaviBar.swift; sourceTree = "<group>"; };
		06A1ECB4271952B100EA78D8 /* NDTextFieldView.swift */ = {isa = PBXFileReference; lastKnownFileType = sourcecode.swift; path = NDTextFieldView.swift; sourceTree = "<group>"; };
		06A1ECB6271967E600EA78D8 /* ComponentTestViewController.swift */ = {isa = PBXFileReference; lastKnownFileType = sourcecode.swift; path = ComponentTestViewController.swift; sourceTree = "<group>"; };
		06A1ECB827198ED200EA78D8 /* UITextField+.swift */ = {isa = PBXFileReference; lastKnownFileType = sourcecode.swift; path = "UITextField+.swift"; sourceTree = "<group>"; };
		06AB8CB727312461007F32AA /* RxTextFieldDelegateProxy.swift */ = {isa = PBXFileReference; lastKnownFileType = sourcecode.swift; path = RxTextFieldDelegateProxy.swift; sourceTree = "<group>"; };
		06AB8CB9273136F7007F32AA /* SearchCategoryResultViewController.swift */ = {isa = PBXFileReference; lastKnownFileType = sourcecode.swift; path = SearchCategoryResultViewController.swift; sourceTree = "<group>"; };
		06AB8CBB27326A3C007F32AA /* SearchCategoryResultViewModel.swift */ = {isa = PBXFileReference; lastKnownFileType = sourcecode.swift; path = SearchCategoryResultViewModel.swift; sourceTree = "<group>"; };
		06AB8CBD273287B4007F32AA /* CategoryTabCollectionViewCell.swift */ = {isa = PBXFileReference; lastKnownFileType = sourcecode.swift; path = CategoryTabCollectionViewCell.swift; sourceTree = "<group>"; };
		06AB8CBE273287B4007F32AA /* CategoryTabCollectionViewCell.xib */ = {isa = PBXFileReference; lastKnownFileType = file.xib; path = CategoryTabCollectionViewCell.xib; sourceTree = "<group>"; };
		06B68F9627228FF9007174E1 /* NDSearchTextField.swift */ = {isa = PBXFileReference; lastKnownFileType = sourcecode.swift; path = NDSearchTextField.swift; sourceTree = "<group>"; };
		06BC1F73271C1B79001A6584 /* NDAlert.swift */ = {isa = PBXFileReference; lastKnownFileType = sourcecode.swift; path = NDAlert.swift; sourceTree = "<group>"; };
		06BE34922740225400F4917A /* CategoryModel.swift */ = {isa = PBXFileReference; lastKnownFileType = sourcecode.swift; path = CategoryModel.swift; sourceTree = "<group>"; };
		06BE349427403FFB00F4917A /* EmptyView.swift */ = {isa = PBXFileReference; lastKnownFileType = sourcecode.swift; path = EmptyView.swift; sourceTree = "<group>"; };
		06BE34972746024500F4917A /* RoadModel.swift */ = {isa = PBXFileReference; lastKnownFileType = sourcecode.swift; path = RoadModel.swift; sourceTree = "<group>"; };
		06BE34992746037D00F4917A /* RoadListRequestModel.swift */ = {isa = PBXFileReference; lastKnownFileType = sourcecode.swift; path = RoadListRequestModel.swift; sourceTree = "<group>"; };
		06BE349E2746231700F4917A /* Road.swift */ = {isa = PBXFileReference; lastKnownFileType = sourcecode.swift; path = Road.swift; sourceTree = "<group>"; };
		06BE34A127462F0600F4917A /* WalkCalculator.swift */ = {isa = PBXFileReference; lastKnownFileType = sourcecode.swift; path = WalkCalculator.swift; sourceTree = "<group>"; };
		06D4FF2927390A8400300AE5 /* UserDefault+.swift */ = {isa = PBXFileReference; lastKnownFileType = sourcecode.swift; path = "UserDefault+.swift"; sourceTree = "<group>"; };
		06D4FF2B27390F3900300AE5 /* UserDefaultManager.swift */ = {isa = PBXFileReference; lastKnownFileType = sourcecode.swift; path = UserDefaultManager.swift; sourceTree = "<group>"; };
		06D4FF2E273939C100300AE5 /* RecentSearchUserDefault.swift */ = {isa = PBXFileReference; lastKnownFileType = sourcecode.swift; path = RecentSearchUserDefault.swift; sourceTree = "<group>"; };
		06D4FF312739452200300AE5 /* CategoryCollectionView.swift */ = {isa = PBXFileReference; lastKnownFileType = sourcecode.swift; path = CategoryCollectionView.swift; sourceTree = "<group>"; };
		06D4FF352739494100300AE5 /* CategoryTabCollectionView.swift */ = {isa = PBXFileReference; lastKnownFileType = sourcecode.swift; path = CategoryTabCollectionView.swift; sourceTree = "<group>"; };
		283AF04F2708672C0033ED71 /* Home.storyboard */ = {isa = PBXFileReference; lastKnownFileType = file.storyboard; path = Home.storyboard; sourceTree = "<group>"; };
		283AF06C27086B940033ED71 /* HomeViewController.swift */ = {isa = PBXFileReference; lastKnownFileType = sourcecode.swift; path = HomeViewController.swift; sourceTree = "<group>"; };
		283AF07527086DA40033ED71 /* RoadTableViewCell.swift */ = {isa = PBXFileReference; lastKnownFileType = sourcecode.swift; path = RoadTableViewCell.swift; sourceTree = "<group>"; };
		283AF07627086DA40033ED71 /* RoadTableViewCell.xib */ = {isa = PBXFileReference; lastKnownFileType = file.xib; path = RoadTableViewCell.xib; sourceTree = "<group>"; };
		283AF0822708B6440033ED71 /* RoadHashTagView.swift */ = {isa = PBXFileReference; lastKnownFileType = sourcecode.swift; path = RoadHashTagView.swift; sourceTree = "<group>"; };
		28B86D3D273FE67100E962A8 /* VersionInfoViewModel.swift */ = {isa = PBXFileReference; lastKnownFileType = sourcecode.swift; path = VersionInfoViewModel.swift; sourceTree = "<group>"; };
		28B86D48273FE8AF00E962A8 /* PersonalInformationViewController.swift */ = {isa = PBXFileReference; lastKnownFileType = sourcecode.swift; path = PersonalInformationViewController.swift; sourceTree = "<group>"; };
		28B86D4C273FE8C300E962A8 /* PersonalInformationViewModel.swift */ = {isa = PBXFileReference; lastKnownFileType = sourcecode.swift; path = PersonalInformationViewModel.swift; sourceTree = "<group>"; };
		28B86D4F2740399800E962A8 /* InquiryViewController.swift */ = {isa = PBXFileReference; lastKnownFileType = sourcecode.swift; path = InquiryViewController.swift; sourceTree = "<group>"; };
		28B86D51274039BA00E962A8 /* inquiryMenuViewModel.swift */ = {isa = PBXFileReference; lastKnownFileType = sourcecode.swift; path = inquiryMenuViewModel.swift; sourceTree = "<group>"; };
		28B86D5327403C9100E962A8 /* InquiryListCell.swift */ = {isa = PBXFileReference; lastKnownFileType = sourcecode.swift; path = InquiryListCell.swift; sourceTree = "<group>"; };
		28ED07F4273681C700D33354 /* VersionInfoViewController.swift */ = {isa = PBXFileReference; lastKnownFileType = sourcecode.swift; path = VersionInfoViewController.swift; sourceTree = "<group>"; };
		28ED07FC2736833500D33354 /* VersionInfo.storyboard */ = {isa = PBXFileReference; lastKnownFileType = file.storyboard; path = VersionInfo.storyboard; sourceTree = "<group>"; };
		770BB53A274FCD33002EDD6B /* NDLocationManager.swift */ = {isa = PBXFileReference; lastKnownFileType = sourcecode.swift; path = NDLocationManager.swift; sourceTree = "<group>"; };
		770BB53C27535E5E002EDD6B /* NotificationName+.swift */ = {isa = PBXFileReference; lastKnownFileType = sourcecode.swift; path = "NotificationName+.swift"; sourceTree = "<group>"; };
		770BB53E27535ECC002EDD6B /* PrimitiveSequence+.swift */ = {isa = PBXFileReference; lastKnownFileType = sourcecode.swift; path = "PrimitiveSequence+.swift"; sourceTree = "<group>"; };
		771230DB27283EDA003B63E5 /* MyPageViewController.swift */ = {isa = PBXFileReference; lastKnownFileType = sourcecode.swift; path = MyPageViewController.swift; sourceTree = "<group>"; };
		77125D91274A7DDC003885C2 /* SettingViewModel.swift */ = {isa = PBXFileReference; lastKnownFileType = sourcecode.swift; path = SettingViewModel.swift; sourceTree = "<group>"; };
		77125D93274BCB3D003885C2 /* MyPageViewModel.swift */ = {isa = PBXFileReference; lastKnownFileType = sourcecode.swift; path = MyPageViewModel.swift; sourceTree = "<group>"; };
		77125D96274BD288003885C2 /* Profile.swift */ = {isa = PBXFileReference; lastKnownFileType = sourcecode.swift; path = Profile.swift; sourceTree = "<group>"; };
		77169DD0270C8C36000AB1D2 /* BaseViewController.swift */ = {isa = PBXFileReference; lastKnownFileType = sourcecode.swift; path = BaseViewController.swift; sourceTree = "<group>"; };
		77213CF72708EF1600994C9A /* BaseWebView.swift */ = {isa = PBXFileReference; lastKnownFileType = sourcecode.swift; path = BaseWebView.swift; sourceTree = "<group>"; };
		77221370274040C900A42CCA /* InitialSettingViewModel.swift */ = {isa = PBXFileReference; lastKnownFileType = sourcecode.swift; path = InitialSettingViewModel.swift; sourceTree = "<group>"; };
		772213732742A3C400A42CCA /* lottie_start.json */ = {isa = PBXFileReference; fileEncoding = 4; lastKnownFileType = text.json; path = lottie_start.json; sourceTree = "<group>"; };
		772213762742B02500A42CCA /* UserInformationUserDefault.swift */ = {isa = PBXFileReference; lastKnownFileType = sourcecode.swift; path = UserInformationUserDefault.swift; sourceTree = "<group>"; };
		77238833273FDC2200F3AA84 /* SignUpAPI.swift */ = {isa = PBXFileReference; lastKnownFileType = sourcecode.swift; path = SignUpAPI.swift; sourceTree = "<group>"; };
		77238835273FDC2B00F3AA84 /* SignUpService.swift */ = {isa = PBXFileReference; lastKnownFileType = sourcecode.swift; path = SignUpService.swift; sourceTree = "<group>"; };
		773C1D8F2718562A001AB7EB /* UIStoryBoard+.swift */ = {isa = PBXFileReference; lastKnownFileType = sourcecode.swift; path = "UIStoryBoard+.swift"; sourceTree = "<group>"; };
		773D619F2719D0D0001528B3 /* SignInViewController.swift */ = {isa = PBXFileReference; lastKnownFileType = sourcecode.swift; path = SignInViewController.swift; sourceTree = "<group>"; };
		773D61A22719D872001528B3 /* ChangePasswordViewController.swift */ = {isa = PBXFileReference; lastKnownFileType = sourcecode.swift; path = ChangePasswordViewController.swift; sourceTree = "<group>"; };
		773DF08B2737A2600025DC91 /* SelectTownTableViewCell.swift */ = {isa = PBXFileReference; lastKnownFileType = sourcecode.swift; path = SelectTownTableViewCell.swift; sourceTree = "<group>"; };
		773DF08D2737A2AB0025DC91 /* SelectTownViewModel.swift */ = {isa = PBXFileReference; lastKnownFileType = sourcecode.swift; path = SelectTownViewModel.swift; sourceTree = "<group>"; };
		7741F98D27171CC2005B3D88 /* UIViewController+.swift */ = {isa = PBXFileReference; lastKnownFileType = sourcecode.swift; path = "UIViewController+.swift"; sourceTree = "<group>"; };
		775507F326F842E5005B8763 /* HikingClub.app */ = {isa = PBXFileReference; explicitFileType = wrapper.application; includeInIndex = 0; path = HikingClub.app; sourceTree = BUILT_PRODUCTS_DIR; };
		775507F626F842E5005B8763 /* AppDelegate.swift */ = {isa = PBXFileReference; lastKnownFileType = sourcecode.swift; path = AppDelegate.swift; sourceTree = "<group>"; };
		775507F826F842E5005B8763 /* SceneDelegate.swift */ = {isa = PBXFileReference; lastKnownFileType = sourcecode.swift; path = SceneDelegate.swift; sourceTree = "<group>"; };
		775507FA26F842E5005B8763 /* MainTabBarController.swift */ = {isa = PBXFileReference; lastKnownFileType = sourcecode.swift; path = MainTabBarController.swift; sourceTree = "<group>"; };
		775507FD26F842E5005B8763 /* Base */ = {isa = PBXFileReference; lastKnownFileType = file.storyboard; name = Base; path = Base.lproj/Main.storyboard; sourceTree = "<group>"; };
		775507FF26F842E6005B8763 /* Assets.xcassets */ = {isa = PBXFileReference; lastKnownFileType = folder.assetcatalog; path = Assets.xcassets; sourceTree = "<group>"; };
		7755080226F842E6005B8763 /* Base */ = {isa = PBXFileReference; lastKnownFileType = file.storyboard; name = Base; path = Base.lproj/LaunchScreen.storyboard; sourceTree = "<group>"; };
		7755080426F842E6005B8763 /* Info.plist */ = {isa = PBXFileReference; lastKnownFileType = text.plist.xml; path = Info.plist; sourceTree = "<group>"; };
		775B959C271C2512004D4540 /* ScrollViewKeyboardApperanceProtocol.swift */ = {isa = PBXFileReference; lastKnownFileType = sourcecode.swift; path = ScrollViewKeyboardApperanceProtocol.swift; sourceTree = "<group>"; };
		775B95A7271F0BD9004D4540 /* AssetImage.swift */ = {isa = PBXFileReference; lastKnownFileType = sourcecode.swift; path = AssetImage.swift; sourceTree = "<group>"; };
		775B95A9271F110A004D4540 /* UIImageView+.swift */ = {isa = PBXFileReference; lastKnownFileType = sourcecode.swift; path = "UIImageView+.swift"; sourceTree = "<group>"; };
		775B95AB27204D1C004D4540 /* UITabBarItem+.swift */ = {isa = PBXFileReference; lastKnownFileType = sourcecode.swift; path = "UITabBarItem+.swift"; sourceTree = "<group>"; };
		7760CA8C27252ED2006B39A9 /* EmailAuthorizeViewModel.swift */ = {isa = PBXFileReference; lastKnownFileType = sourcecode.swift; path = EmailAuthorizeViewModel.swift; sourceTree = "<group>"; };
		7760CA90272540B2006B39A9 /* PlaceAPI.swift */ = {isa = PBXFileReference; lastKnownFileType = sourcecode.swift; path = PlaceAPI.swift; sourceTree = "<group>"; };
		7760CA932725411E006B39A9 /* PlaceRequestModel.swift */ = {isa = PBXFileReference; lastKnownFileType = sourcecode.swift; path = PlaceRequestModel.swift; sourceTree = "<group>"; };
		7760CA95272541D0006B39A9 /* Encodable+.swift */ = {isa = PBXFileReference; lastKnownFileType = sourcecode.swift; path = "Encodable+.swift"; sourceTree = "<group>"; };
		7760CA9827254249006B39A9 /* PlaceService.swift */ = {isa = PBXFileReference; lastKnownFileType = sourcecode.swift; path = PlaceService.swift; sourceTree = "<group>"; };
		7760CA9A27259C24006B39A9 /* ResponseModel.swift */ = {isa = PBXFileReference; lastKnownFileType = sourcecode.swift; path = ResponseModel.swift; sourceTree = "<group>"; };
		7760CA9D27259F53006B39A9 /* PlaceModel.swift */ = {isa = PBXFileReference; lastKnownFileType = sourcecode.swift; path = PlaceModel.swift; sourceTree = "<group>"; };
		7761AC0A273D641E0029BCF2 /* InitialCategorySettingViewModel.swift */ = {isa = PBXFileReference; lastKnownFileType = sourcecode.swift; path = InitialCategorySettingViewModel.swift; sourceTree = "<group>"; };
		77764FC92732ABB700A216C8 /* SettingViewController.swift */ = {isa = PBXFileReference; lastKnownFileType = sourcecode.swift; path = SettingViewController.swift; sourceTree = "<group>"; };
		77764FCC2732AC4200A216C8 /* MyPageListHeaderButtonView.swift */ = {isa = PBXFileReference; lastKnownFileType = sourcecode.swift; path = MyPageListHeaderButtonView.swift; sourceTree = "<group>"; };
		77764FCE2732AC6F00A216C8 /* MyPageListHeaderButton.swift */ = {isa = PBXFileReference; lastKnownFileType = sourcecode.swift; path = MyPageListHeaderButton.swift; sourceTree = "<group>"; };
		77764FD22732DA5800A216C8 /* MenuButtonView.swift */ = {isa = PBXFileReference; lastKnownFileType = sourcecode.swift; path = MenuButtonView.swift; sourceTree = "<group>"; };
		7776BEE427366666009EC168 /* MypageListSectionHeaderView.swift */ = {isa = PBXFileReference; lastKnownFileType = sourcecode.swift; path = MypageListSectionHeaderView.swift; sourceTree = "<group>"; };
		7776BEE627366D36009EC168 /* MypageListNicknameHeaderView.swift */ = {isa = PBXFileReference; lastKnownFileType = sourcecode.swift; path = MypageListNicknameHeaderView.swift; sourceTree = "<group>"; };
		7776BEE927368343009EC168 /* SelectTownViewController.swift */ = {isa = PBXFileReference; lastKnownFileType = sourcecode.swift; path = SelectTownViewController.swift; sourceTree = "<group>"; };
		777B5168271197B800299430 /* UIView+.swift */ = {isa = PBXFileReference; lastKnownFileType = sourcecode.swift; path = "UIView+.swift"; sourceTree = "<group>"; };
		777B516A2711981400299430 /* UIStackView+.swift */ = {isa = PBXFileReference; lastKnownFileType = sourcecode.swift; path = "UIStackView+.swift"; sourceTree = "<group>"; };
		777B516E27119A9200299430 /* CodeBasedView.swift */ = {isa = PBXFileReference; lastKnownFileType = sourcecode.swift; path = CodeBasedView.swift; sourceTree = "<group>"; };
		777B517227129D6500299430 /* CodeBasedProtocol.swift */ = {isa = PBXFileReference; lastKnownFileType = sourcecode.swift; path = CodeBasedProtocol.swift; sourceTree = "<group>"; };
		777B517427129E6300299430 /* GreetingView.swift */ = {isa = PBXFileReference; lastKnownFileType = sourcecode.swift; path = GreetingView.swift; sourceTree = "<group>"; };
		777B517627129EA700299430 /* SignUpTermStackView.swift */ = {isa = PBXFileReference; lastKnownFileType = sourcecode.swift; path = SignUpTermStackView.swift; sourceTree = "<group>"; };
		777B51792712AA2300299430 /* SignUpInputViewController.swift */ = {isa = PBXFileReference; lastKnownFileType = sourcecode.swift; path = SignUpInputViewController.swift; sourceTree = "<group>"; };
		777B517B2712AEB300299430 /* EmailAuthroizeViewController.swift */ = {isa = PBXFileReference; lastKnownFileType = sourcecode.swift; path = EmailAuthroizeViewController.swift; sourceTree = "<group>"; };
		777B517D2714336700299430 /* InitialSettingViewController.swift */ = {isa = PBXFileReference; lastKnownFileType = sourcecode.swift; path = InitialSettingViewController.swift; sourceTree = "<group>"; };
		777B517F2714472B00299430 /* TermDetailViewController.swift */ = {isa = PBXFileReference; lastKnownFileType = sourcecode.swift; path = TermDetailViewController.swift; sourceTree = "<group>"; };
		777B51842714553600299430 /* InitialCategorySettingViewController.swift */ = {isa = PBXFileReference; lastKnownFileType = sourcecode.swift; path = InitialCategorySettingViewController.swift; sourceTree = "<group>"; };
		7784885C274D18DE00437D51 /* UserInformationManager.swift */ = {isa = PBXFileReference; lastKnownFileType = sourcecode.swift; path = UserInformationManager.swift; sourceTree = "<group>"; };
		779B94FA2745557100325353 /* TermDetailViewModel.swift */ = {isa = PBXFileReference; lastKnownFileType = sourcecode.swift; path = TermDetailViewModel.swift; sourceTree = "<group>"; };
		779B94FD27467D8C00325353 /* SignUpRequestModel.swift */ = {isa = PBXFileReference; lastKnownFileType = sourcecode.swift; path = SignUpRequestModel.swift; sourceTree = "<group>"; };
		779B950127467E0600325353 /* EmailVerifiactionService.swift */ = {isa = PBXFileReference; lastKnownFileType = sourcecode.swift; path = EmailVerifiactionService.swift; sourceTree = "<group>"; };
		779B950327467E1B00325353 /* EmailVerificationAPI.swift */ = {isa = PBXFileReference; lastKnownFileType = sourcecode.swift; path = EmailVerificationAPI.swift; sourceTree = "<group>"; };
		779B950527467E8C00325353 /* EmailVerificationRequestModel.swift */ = {isa = PBXFileReference; lastKnownFileType = sourcecode.swift; path = EmailVerificationRequestModel.swift; sourceTree = "<group>"; };
		779B95092746816600325353 /* UserAPI.swift */ = {isa = PBXFileReference; lastKnownFileType = sourcecode.swift; path = UserAPI.swift; sourceTree = "<group>"; };
		779B950B2746818F00325353 /* UserService.swift */ = {isa = PBXFileReference; lastKnownFileType = sourcecode.swift; path = UserService.swift; sourceTree = "<group>"; };
		779B950D274681C600325353 /* UserRequestModel.swift */ = {isa = PBXFileReference; lastKnownFileType = sourcecode.swift; path = UserRequestModel.swift; sourceTree = "<group>"; };
		779B95102746866500325353 /* ChangePasswordViewModel.swift */ = {isa = PBXFileReference; lastKnownFileType = sourcecode.swift; path = ChangePasswordViewModel.swift; sourceTree = "<group>"; };
		77B7A1242708A1C2008F5530 /* WebViewController.swift */ = {isa = PBXFileReference; lastKnownFileType = sourcecode.swift; path = WebViewController.swift; sourceTree = "<group>"; };
		77C69BE627294613004C2207 /* SignUpViewModel.swift */ = {isa = PBXFileReference; lastKnownFileType = sourcecode.swift; path = SignUpViewModel.swift; sourceTree = "<group>"; };
		77C69BE827294775004C2207 /* SignUpInputViewModel.swift */ = {isa = PBXFileReference; lastKnownFileType = sourcecode.swift; path = SignUpInputViewModel.swift; sourceTree = "<group>"; };
		77C69BEA272CD4E6004C2207 /* KeyboardAccessoryToolbar.swift */ = {isa = PBXFileReference; lastKnownFileType = sourcecode.swift; path = KeyboardAccessoryToolbar.swift; sourceTree = "<group>"; };
		77C69BEF272D96A3004C2207 /* SignInReqeustModel.swift */ = {isa = PBXFileReference; lastKnownFileType = sourcecode.swift; path = SignInReqeustModel.swift; sourceTree = "<group>"; };
		77C69BF1272D96F2004C2207 /* SignInAPI.swift */ = {isa = PBXFileReference; lastKnownFileType = sourcecode.swift; path = SignInAPI.swift; sourceTree = "<group>"; };
		77C69BF3272D977B004C2207 /* SignInService.swift */ = {isa = PBXFileReference; lastKnownFileType = sourcecode.swift; path = SignInService.swift; sourceTree = "<group>"; };
		77C69BF5272D9803004C2207 /* SignInResponseModel.swift */ = {isa = PBXFileReference; lastKnownFileType = sourcecode.swift; path = SignInResponseModel.swift; sourceTree = "<group>"; };
		77C69BF7272D9DE3004C2207 /* SignInViewModel.swift */ = {isa = PBXFileReference; lastKnownFileType = sourcecode.swift; path = SignInViewModel.swift; sourceTree = "<group>"; };
		77E59130270DDCFA0070F381 /* BaseViewModel.swift */ = {isa = PBXFileReference; lastKnownFileType = sourcecode.swift; path = BaseViewModel.swift; sourceTree = "<group>"; };
		77E59132270DDDA40070F381 /* HomeViewModel.swift */ = {isa = PBXFileReference; lastKnownFileType = sourcecode.swift; path = HomeViewModel.swift; sourceTree = "<group>"; };
		77E59134270DDFCF0070F381 /* WebViewModel.swift */ = {isa = PBXFileReference; lastKnownFileType = sourcecode.swift; path = WebViewModel.swift; sourceTree = "<group>"; };
		77E5913727115F890070F381 /* LoginNavigationViewController.swift */ = {isa = PBXFileReference; lastKnownFileType = sourcecode.swift; path = LoginNavigationViewController.swift; sourceTree = "<group>"; };
		77E5913B271170860070F381 /* LoginNavigationViewModel.swift */ = {isa = PBXFileReference; lastKnownFileType = sourcecode.swift; path = LoginNavigationViewModel.swift; sourceTree = "<group>"; };
		77E5913F2711723C0070F381 /* SignUpViewController.swift */ = {isa = PBXFileReference; lastKnownFileType = sourcecode.swift; path = SignUpViewController.swift; sourceTree = "<group>"; };
/* End PBXFileReference section */

/* Begin PBXFrameworksBuildPhase section */
		775507F026F842E5005B8763 /* Frameworks */ = {
			isa = PBXFrameworksBuildPhase;
			buildActionMask = 2147483647;
			files = (
				7755082126F84E52005B8763 /* RxMoya in Frameworks */,
				7755081A26F84E03005B8763 /* Lottie in Frameworks */,
				7755081F26F84E52005B8763 /* CombineMoya in Frameworks */,
				7755081026F84DA0005B8763 /* RxRelay in Frameworks */,
				7722136F27401F1400A42CCA /* Kingfisher in Frameworks */,
				7755082326F84E52005B8763 /* Moya in Frameworks */,
				7755081226F84DA0005B8763 /* RxCocoa in Frameworks */,
				7755081D26F84E52005B8763 /* ReactiveMoya in Frameworks */,
				7755080C26F84DA0005B8763 /* RxSwift in Frameworks */,
				77B7A1282708A674008F5530 /* SnapKit in Frameworks */,
			);
			runOnlyForDeploymentPostprocessing = 0;
		};
/* End PBXFrameworksBuildPhase section */

/* Begin PBXGroup section */
		067DC4EA26FEF38700650862 /* Network */ = {
			isa = PBXGroup;
			children = (
				7760CA9F27259F9A006B39A9 /* Base */,
				7760CA972725421B006B39A9 /* PlaceService */,
				779B95072746812900325353 /* Users */,
			);
			path = Network;
			sourceTree = "<group>";
		};
		06962E91272926EE0021402F /* Search */ = {
			isa = PBXGroup;
			children = (
				06D4FF302739451500300AE5 /* View */,
				06D4FF2D27392A1000300AE5 /* Manager */,
				06962E9C272A86140021402F /* Cell */,
				06962E94272927A00021402F /* Search.storyboard */,
				06962E92272927770021402F /* SearchViewController.swift */,
				06962E96272928290021402F /* SearchViewModel.swift */,
				06AB8CB9273136F7007F32AA /* SearchCategoryResultViewController.swift */,
				06AB8CBB27326A3C007F32AA /* SearchCategoryResultViewModel.swift */,
				0654DFED273682CE00B96F15 /* SearchResultViewController.swift */,
				0654DFEF2736848700B96F15 /* SearchResultViewModel.swift */,
			);
			path = Search;
			sourceTree = "<group>";
		};
		06962E9C272A86140021402F /* Cell */ = {
			isa = PBXGroup;
			children = (
				06962E99272A86100021402F /* RecentSearchCollectionViewCell.xib */,
				06962E98272A86100021402F /* RecentSearchCollectionViewCell.swift */,
				06962E9E272BCD400021402F /* CategoryCollectionViewCell.xib */,
				06962E9D272BCD400021402F /* CategoryCollectionViewCell.swift */,
				06AB8CBE273287B4007F32AA /* CategoryTabCollectionViewCell.xib */,
				06AB8CBD273287B4007F32AA /* CategoryTabCollectionViewCell.swift */,
			);
			path = Cell;
			sourceTree = "<group>";
		};
		06A1EC9127089D2700EA78D8 /* Extension */ = {
			isa = PBXGroup;
			children = (
				06A1EC982708A7F300EA78D8 /* UIFont+.swift */,
				06A1EC9A2708B12A00EA78D8 /* UILabel+.swift */,
				06A1EC9C2708C5E800EA78D8 /* UIButton+.swift */,
				775B95A9271F110A004D4540 /* UIImageView+.swift */,
				06A1ECA22708D21400EA78D8 /* UITableView+.swift */,
				06A1ECA42708D77900EA78D8 /* UICollectionView+.swift */,
				06A1ECAB2711828900EA78D8 /* UIColor+.swift */,
				777B5168271197B800299430 /* UIView+.swift */,
				06A1ECB827198ED200EA78D8 /* UITextField+.swift */,
				777B516A2711981400299430 /* UIStackView+.swift */,
				7741F98D27171CC2005B3D88 /* UIViewController+.swift */,
				773C1D8F2718562A001AB7EB /* UIStoryBoard+.swift */,
				775B95AB27204D1C004D4540 /* UITabBarItem+.swift */,
				7760CA95272541D0006B39A9 /* Encodable+.swift */,
				0684EA5A2734623300FC74D1 /* UITableViewCell+.swift */,
				06D4FF2927390A8400300AE5 /* UserDefault+.swift */,
				770BB53C27535E5E002EDD6B /* NotificationName+.swift */,
				770BB53E27535ECC002EDD6B /* PrimitiveSequence+.swift */,
			);
			path = Extension;
			sourceTree = "<group>";
		};
		06A1ECA62711759F00EA78D8 /* Components */ = {
			isa = PBXGroup;
			children = (
				06A1ECB6271967E600EA78D8 /* ComponentTestViewController.swift */,
				06A1ECAD2711849100EA78D8 /* NDButton */,
				06A1ECB227180C2F00EA78D8 /* NaviBar.swift */,
				06A1ECB4271952B100EA78D8 /* NDTextFieldView.swift */,
				06BC1F73271C1B79001A6584 /* NDAlert.swift */,
				064A960E272185F900939AD5 /* NDToastView.swift */,
				06B68F9627228FF9007174E1 /* NDSearchTextField.swift */,
				06AB8CB727312461007F32AA /* RxTextFieldDelegateProxy.swift */,
				06962E8F2727FC250021402F /* NDTabButton.swift */,
				77C69BEA272CD4E6004C2207 /* KeyboardAccessoryToolbar.swift */,
				0698EF30274CDCE100D7AF2A /* NDIndicator.swift */,
			);
			path = Components;
			sourceTree = "<group>";
		};
		06A1ECAD2711849100EA78D8 /* NDButton */ = {
			isa = PBXGroup;
			children = (
				06679F08271EB3E400D63AE1 /* NDCTAButton.swift */,
				06679F06271EB39000D63AE1 /* NDButtons.swift */,
				06A1ECA72711782100EA78D8 /* NDButton.swift */,
				06A1ECB02712C10A00EA78D8 /* NDButtonTheme.swift */,
			);
			path = NDButton;
			sourceTree = "<group>";
		};
		06BE349D2746231100F4917A /* Model */ = {
			isa = PBXGroup;
			children = (
				06BE349E2746231700F4917A /* Road.swift */,
			);
			path = Model;
			sourceTree = "<group>";
		};
		06BE34A027462ED300F4917A /* Manager */ = {
			isa = PBXGroup;
			children = (
				06BE34A127462F0600F4917A /* WalkCalculator.swift */,
			);
			path = Manager;
			sourceTree = "<group>";
		};
		06D4FF2D27392A1000300AE5 /* Manager */ = {
			isa = PBXGroup;
			children = (
				06D4FF2B27390F3900300AE5 /* UserDefaultManager.swift */,
				06D4FF2E273939C100300AE5 /* RecentSearchUserDefault.swift */,
			);
			path = Manager;
			sourceTree = "<group>";
		};
		06D4FF302739451500300AE5 /* View */ = {
			isa = PBXGroup;
			children = (
				06D4FF312739452200300AE5 /* CategoryCollectionView.swift */,
				06D4FF352739494100300AE5 /* CategoryTabCollectionView.swift */,
				06BE349427403FFB00F4917A /* EmptyView.swift */,
			);
			path = View;
			sourceTree = "<group>";
		};
		28B86D3F273FE6F800E962A8 /* VersionInfoMenu */ = {
			isa = PBXGroup;
			children = (
				28ED07FC2736833500D33354 /* VersionInfo.storyboard */,
				28ED07F4273681C700D33354 /* VersionInfoViewController.swift */,
				28B86D3D273FE67100E962A8 /* VersionInfoViewModel.swift */,
			);
			path = VersionInfoMenu;
			sourceTree = "<group>";
		};
		28B86D4E2740282B00E962A8 /* PersonalInformationMenu */ = {
			isa = PBXGroup;
			children = (
				28B86D48273FE8AF00E962A8 /* PersonalInformationViewController.swift */,
				28B86D4C273FE8C300E962A8 /* PersonalInformationViewModel.swift */,
			);
			path = PersonalInformationMenu;
			sourceTree = "<group>";
		};
		771230DA27283EC3003B63E5 /* MyPage */ = {
			isa = PBXGroup;
			children = (
				77764FCB2732AC2200A216C8 /* View */,
				771230DB27283EDA003B63E5 /* MyPageViewController.swift */,
				77125D93274BCB3D003885C2 /* MyPageViewModel.swift */,
			);
			path = MyPage;
			sourceTree = "<group>";
		};
		77125D95274BD274003885C2 /* Response */ = {
			isa = PBXGroup;
			children = (
				77125D96274BD288003885C2 /* Profile.swift */,
			);
			path = Response;
			sourceTree = "<group>";
		};
		77169DBF270ACD58000AB1D2 /* SupportingFiles */ = {
			isa = PBXGroup;
			children = (
				77169DC0270ACFEE000AB1D2 /* Resource */,
				775507F626F842E5005B8763 /* AppDelegate.swift */,
				775507F826F842E5005B8763 /* SceneDelegate.swift */,
				7755080126F842E6005B8763 /* LaunchScreen.storyboard */,
				7755080426F842E6005B8763 /* Info.plist */,
			);
			path = SupportingFiles;
			sourceTree = "<group>";
		};
		77169DC0270ACFEE000AB1D2 /* Resource */ = {
			isa = PBXGroup;
			children = (
				772213722742A39E00A42CCA /* Lottie */,
				775507FF26F842E6005B8763 /* Assets.xcassets */,
				775B95A7271F0BD9004D4540 /* AssetImage.swift */,
				06A1ECA92711789500EA78D8 /* Colors.xcassets */,
			);
			path = Resource;
			sourceTree = "<group>";
		};
		77169DC3270AD076000AB1D2 /* Feature */ = {
			isa = PBXGroup;
			children = (
				77E5913627115F6D0070F381 /* Login */,
				77169DC4270AD08B000AB1D2 /* Main */,
				77169DC5270AD096000AB1D2 /* Home */,
				06962E91272926EE0021402F /* Search */,
				771230DA27283EC3003B63E5 /* MyPage */,
				77764FC82732AB9D00A216C8 /* Settings */,
				7776BEE8273682D7009EC168 /* SelectTown */,
				773D61A12719D85A001528B3 /* ChangePassword */,
				77B7A1212708A14D008F5530 /* WebView */,
			);
			path = Feature;
			sourceTree = "<group>";
		};
		77169DC4270AD08B000AB1D2 /* Main */ = {
			isa = PBXGroup;
			children = (
				775507FC26F842E5005B8763 /* Main.storyboard */,
				775507FA26F842E5005B8763 /* MainTabBarController.swift */,
			);
			path = Main;
			sourceTree = "<group>";
		};
		77169DC5270AD096000AB1D2 /* Home */ = {
			isa = PBXGroup;
			children = (
				06BE34A027462ED300F4917A /* Manager */,
				06BE349D2746231100F4917A /* Model */,
				77169DC6270AD133000AB1D2 /* View */,
				283AF04F2708672C0033ED71 /* Home.storyboard */,
				283AF06C27086B940033ED71 /* HomeViewController.swift */,
				77E59132270DDDA40070F381 /* HomeViewModel.swift */,
			);
			path = Home;
			sourceTree = "<group>";
		};
		77169DC6270AD133000AB1D2 /* View */ = {
			isa = PBXGroup;
			children = (
				77169DC7270AD138000AB1D2 /* HitTheme */,
				77169DCA270AD1E2000AB1D2 /* Road */,
			);
			path = View;
			sourceTree = "<group>";
		};
		77169DC7270AD138000AB1D2 /* HitTheme */ = {
			isa = PBXGroup;
			children = (
				77169DC8270AD146000AB1D2 /* HeaderCollectionViewCell */,
				77169DC9270AD1A5000AB1D2 /* TableHeaderView */,
			);
			path = HitTheme;
			sourceTree = "<group>";
		};
		77169DC8270AD146000AB1D2 /* HeaderCollectionViewCell */ = {
			isa = PBXGroup;
			children = (
				06A1EC9F2708CEFA00EA78D8 /* HitThemeHeaderCollectionViewCell.xib */,
				06A1EC9E2708CEFA00EA78D8 /* HitThemeHeaderCollectionViewCell.swift */,
			);
			path = HeaderCollectionViewCell;
			sourceTree = "<group>";
		};
		77169DC9270AD1A5000AB1D2 /* TableHeaderView */ = {
			isa = PBXGroup;
			children = (
				06A1EC8F27088F4400EA78D8 /* HitThemeTableHeaderView.xib */,
				06A1EC8D27088F3E00EA78D8 /* HitThemeTableHeaderView.swift */,
			);
			path = TableHeaderView;
			sourceTree = "<group>";
		};
		77169DCA270AD1E2000AB1D2 /* Road */ = {
			isa = PBXGroup;
			children = (
				283AF0822708B6440033ED71 /* RoadHashTagView.swift */,
				77169DCC270B22CA000AB1D2 /* TableViewCell */,
			);
			path = Road;
			sourceTree = "<group>";
		};
		77169DCC270B22CA000AB1D2 /* TableViewCell */ = {
			isa = PBXGroup;
			children = (
				283AF07627086DA40033ED71 /* RoadTableViewCell.xib */,
				283AF07527086DA40033ED71 /* RoadTableViewCell.swift */,
			);
			path = TableViewCell;
			sourceTree = "<group>";
		};
		77169DCD270C8C14000AB1D2 /* Helper */ = {
			isa = PBXGroup;
			children = (
				06A1ECA62711759F00EA78D8 /* Components */,
				77169DCE270C8C1D000AB1D2 /* BaseArchitecture */,
				777B516D27119A7100299430 /* CodeBased */,
				06A1EC9127089D2700EA78D8 /* Extension */,
				777B517127129D4D00299430 /* Protocol */,
				7784885B274D18C600437D51 /* Manager */,
			);
			path = Helper;
			sourceTree = "<group>";
		};
		77169DCE270C8C1D000AB1D2 /* BaseArchitecture */ = {
			isa = PBXGroup;
			children = (
				77169DD0270C8C36000AB1D2 /* BaseViewController.swift */,
				77E59130270DDCFA0070F381 /* BaseViewModel.swift */,
			);
			path = BaseArchitecture;
			sourceTree = "<group>";
		};
		772213722742A39E00A42CCA /* Lottie */ = {
			isa = PBXGroup;
			children = (
				772213732742A3C400A42CCA /* lottie_start.json */,
			);
			path = Lottie;
			sourceTree = "<group>";
		};
		772213752742B01000A42CCA /* Manager */ = {
			isa = PBXGroup;
			children = (
				772213762742B02500A42CCA /* UserInformationUserDefault.swift */,
			);
			path = Manager;
			sourceTree = "<group>";
		};
		77238832273FDC0900F3AA84 /* SignUpService */ = {
			isa = PBXGroup;
			children = (
				779B94FC27467D7200325353 /* Request */,
				77238833273FDC2200F3AA84 /* SignUpAPI.swift */,
				77238835273FDC2B00F3AA84 /* SignUpService.swift */,
			);
			path = SignUpService;
			sourceTree = "<group>";
		};
		773D619E2719D0C1001528B3 /* SignIn */ = {
			isa = PBXGroup;
			children = (
				772213752742B01000A42CCA /* Manager */,
				773D619F2719D0D0001528B3 /* SignInViewController.swift */,
				77C69BF7272D9DE3004C2207 /* SignInViewModel.swift */,
			);
			path = SignIn;
			sourceTree = "<group>";
		};
		773D61A12719D85A001528B3 /* ChangePassword */ = {
			isa = PBXGroup;
			children = (
				773D61A22719D872001528B3 /* ChangePasswordViewController.swift */,
				779B95102746866500325353 /* ChangePasswordViewModel.swift */,
			);
			path = ChangePassword;
			sourceTree = "<group>";
		};
		773D61A42719D8CA001528B3 /* EmailAuthorize */ = {
			isa = PBXGroup;
			children = (
				777B517B2712AEB300299430 /* EmailAuthroizeViewController.swift */,
				7760CA8C27252ED2006B39A9 /* EmailAuthorizeViewModel.swift */,
			);
			path = EmailAuthorize;
			sourceTree = "<group>";
		};
		773DF08A2737A2490025DC91 /* View */ = {
			isa = PBXGroup;
			children = (
				773DF08B2737A2600025DC91 /* SelectTownTableViewCell.swift */,
			);
			path = View;
			sourceTree = "<group>";
		};
		775507EA26F842E5005B8763 = {
			isa = PBXGroup;
			children = (
				775507F526F842E5005B8763 /* HikingClub */,
				775507F426F842E5005B8763 /* Products */,
			);
			sourceTree = "<group>";
		};
		775507F426F842E5005B8763 /* Products */ = {
			isa = PBXGroup;
			children = (
				775507F326F842E5005B8763 /* HikingClub.app */,
			);
			name = Products;
			sourceTree = "<group>";
		};
		775507F526F842E5005B8763 /* HikingClub */ = {
			isa = PBXGroup;
			children = (
				77169DCD270C8C14000AB1D2 /* Helper */,
				067DC4EA26FEF38700650862 /* Network */,
				77169DC3270AD076000AB1D2 /* Feature */,
				77169DBF270ACD58000AB1D2 /* SupportingFiles */,
			);
			path = HikingClub;
			sourceTree = "<group>";
		};
		7760CA922725410E006B39A9 /* Request */ = {
			isa = PBXGroup;
			children = (
				7760CA932725411E006B39A9 /* PlaceRequestModel.swift */,
				06BE34992746037D00F4917A /* RoadListRequestModel.swift */,
			);
			path = Request;
			sourceTree = "<group>";
		};
		7760CA972725421B006B39A9 /* PlaceService */ = {
			isa = PBXGroup;
			children = (
				7760CA9C27259F37006B39A9 /* Response */,
				7760CA922725410E006B39A9 /* Request */,
				7760CA90272540B2006B39A9 /* PlaceAPI.swift */,
				7760CA9827254249006B39A9 /* PlaceService.swift */,
			);
			path = PlaceService;
			sourceTree = "<group>";
		};
		7760CA9C27259F37006B39A9 /* Response */ = {
			isa = PBXGroup;
			children = (
				7760CA9D27259F53006B39A9 /* PlaceModel.swift */,
				06BE34922740225400F4917A /* CategoryModel.swift */,
				06BE34972746024500F4917A /* RoadModel.swift */,
			);
			path = Response;
			sourceTree = "<group>";
		};
		7760CA9F27259F9A006B39A9 /* Base */ = {
			isa = PBXGroup;
			children = (
				067DC4FA26FF19DE00650862 /* API.swift */,
				067DC4EF26FEF8A000650862 /* NetworkProvider.swift */,
				067DC50026FF238F00650862 /* NetworkLogging.swift */,
				067DC4FE26FF213400650862 /* NetworkError.swift */,
				7760CA9A27259C24006B39A9 /* ResponseModel.swift */,
			);
			path = Base;
			sourceTree = "<group>";
		};
		77764FC82732AB9D00A216C8 /* Settings */ = {
			isa = PBXGroup;
			children = (
				77764FD12732DA4A00A216C8 /* View */,
				77764FC92732ABB700A216C8 /* SettingViewController.swift */,
				77125D91274A7DDC003885C2 /* SettingViewModel.swift */,
				77BA461D275C81B900F84341 /* Inquiry */,
				28B86D4E2740282B00E962A8 /* PersonalInformationMenu */,
				28B86D3F273FE6F800E962A8 /* VersionInfoMenu */,
			);
			path = Settings;
			sourceTree = "<group>";
		};
		77764FCB2732AC2200A216C8 /* View */ = {
			isa = PBXGroup;
			children = (
				77764FD02732AC8F00A216C8 /* MyPageList */,
			);
			path = View;
			sourceTree = "<group>";
		};
		77764FD02732AC8F00A216C8 /* MyPageList */ = {
			isa = PBXGroup;
			children = (
				77764FCC2732AC4200A216C8 /* MyPageListHeaderButtonView.swift */,
				77764FCE2732AC6F00A216C8 /* MyPageListHeaderButton.swift */,
				7776BEE427366666009EC168 /* MypageListSectionHeaderView.swift */,
				7776BEE627366D36009EC168 /* MypageListNicknameHeaderView.swift */,
			);
			path = MyPageList;
			sourceTree = "<group>";
		};
		77764FD12732DA4A00A216C8 /* View */ = {
			isa = PBXGroup;
			children = (
				77764FD22732DA5800A216C8 /* MenuButtonView.swift */,
			);
			path = View;
			sourceTree = "<group>";
		};
		7776BEE8273682D7009EC168 /* SelectTown */ = {
			isa = PBXGroup;
			children = (
				773DF08A2737A2490025DC91 /* View */,
				7776BEE927368343009EC168 /* SelectTownViewController.swift */,
				773DF08D2737A2AB0025DC91 /* SelectTownViewModel.swift */,
			);
			path = SelectTown;
			sourceTree = "<group>";
		};
		777B516C27119A5200299430 /* View */ = {
			isa = PBXGroup;
			children = (
				777B517427129E6300299430 /* GreetingView.swift */,
				777B517627129EA700299430 /* SignUpTermStackView.swift */,
			);
			path = View;
			sourceTree = "<group>";
		};
		777B516D27119A7100299430 /* CodeBased */ = {
			isa = PBXGroup;
			children = (
				777B516E27119A9200299430 /* CodeBasedView.swift */,
			);
			path = CodeBased;
			sourceTree = "<group>";
		};
		777B517127129D4D00299430 /* Protocol */ = {
			isa = PBXGroup;
			children = (
				777B517227129D6500299430 /* CodeBasedProtocol.swift */,
				775B959C271C2512004D4540 /* ScrollViewKeyboardApperanceProtocol.swift */,
			);
			path = Protocol;
			sourceTree = "<group>";
		};
		777B51862714553900299430 /* InitialSetting */ = {
			isa = PBXGroup;
			children = (
				777B517D2714336700299430 /* InitialSettingViewController.swift */,
				77221370274040C900A42CCA /* InitialSettingViewModel.swift */,
				777B51842714553600299430 /* InitialCategorySettingViewController.swift */,
				7761AC0A273D641E0029BCF2 /* InitialCategorySettingViewModel.swift */,
			);
			path = InitialSetting;
			sourceTree = "<group>";
		};
		7784885B274D18C600437D51 /* Manager */ = {
			isa = PBXGroup;
			children = (
				7784885C274D18DE00437D51 /* UserInformationManager.swift */,
				770BB53A274FCD33002EDD6B /* NDLocationManager.swift */,
			);
			path = Manager;
			sourceTree = "<group>";
		};
		779B94F92745556400325353 /* Term */ = {
			isa = PBXGroup;
			children = (
				777B517F2714472B00299430 /* TermDetailViewController.swift */,
				779B94FA2745557100325353 /* TermDetailViewModel.swift */,
			);
			path = Term;
			sourceTree = "<group>";
		};
		779B94FC27467D7200325353 /* Request */ = {
			isa = PBXGroup;
			children = (
				779B94FD27467D8C00325353 /* SignUpRequestModel.swift */,
			);
			path = Request;
			sourceTree = "<group>";
		};
		779B94FF27467DDE00325353 /* EmailVerificationService */ = {
			isa = PBXGroup;
			children = (
				779B950027467DF700325353 /* Request */,
				779B950327467E1B00325353 /* EmailVerificationAPI.swift */,
				779B950127467E0600325353 /* EmailVerifiactionService.swift */,
			);
			path = EmailVerificationService;
			sourceTree = "<group>";
		};
		779B950027467DF700325353 /* Request */ = {
			isa = PBXGroup;
			children = (
				779B950527467E8C00325353 /* EmailVerificationRequestModel.swift */,
			);
			path = Request;
			sourceTree = "<group>";
		};
		779B95072746812900325353 /* Users */ = {
			isa = PBXGroup;
			children = (
				779B95082746814A00325353 /* UserService */,
				77C69BEC272D967A004C2207 /* SignInService */,
				77238832273FDC0900F3AA84 /* SignUpService */,
				779B94FF27467DDE00325353 /* EmailVerificationService */,
			);
			path = Users;
			sourceTree = "<group>";
		};
		779B95082746814A00325353 /* UserService */ = {
			isa = PBXGroup;
			children = (
				77125D95274BD274003885C2 /* Response */,
				779B950F274681CB00325353 /* Request */,
				779B95092746816600325353 /* UserAPI.swift */,
				779B950B2746818F00325353 /* UserService.swift */,
			);
			path = UserService;
			sourceTree = "<group>";
		};
		779B950F274681CB00325353 /* Request */ = {
			isa = PBXGroup;
			children = (
				779B950D274681C600325353 /* UserRequestModel.swift */,
			);
			path = Request;
			sourceTree = "<group>";
		};
		77B7A1212708A14D008F5530 /* WebView */ = {
			isa = PBXGroup;
			children = (
				77213CF72708EF1600994C9A /* BaseWebView.swift */,
				77B7A1242708A1C2008F5530 /* WebViewController.swift */,
				77E59134270DDFCF0070F381 /* WebViewModel.swift */,
			);
			path = WebView;
			sourceTree = "<group>";
		};
		77BA461D275C81B900F84341 /* Inquiry */ = {
			isa = PBXGroup;
			children = (
				28B86D5327403C9100E962A8 /* InquiryListCell.swift */,
				28B86D4F2740399800E962A8 /* InquiryViewController.swift */,
				28B86D51274039BA00E962A8 /* inquiryMenuViewModel.swift */,
			);
			path = Inquiry;
			sourceTree = "<group>";
		};
		77C69BEC272D967A004C2207 /* SignInService */ = {
			isa = PBXGroup;
			children = (
				77C69BEE272D968C004C2207 /* Response */,
				77C69BED272D9687004C2207 /* Request */,
				77C69BF1272D96F2004C2207 /* SignInAPI.swift */,
				77C69BF3272D977B004C2207 /* SignInService.swift */,
			);
			path = SignInService;
			sourceTree = "<group>";
		};
		77C69BED272D9687004C2207 /* Request */ = {
			isa = PBXGroup;
			children = (
				77C69BEF272D96A3004C2207 /* SignInReqeustModel.swift */,
			);
			path = Request;
			sourceTree = "<group>";
		};
		77C69BEE272D968C004C2207 /* Response */ = {
			isa = PBXGroup;
			children = (
				77C69BF5272D9803004C2207 /* SignInResponseModel.swift */,
			);
			path = Response;
			sourceTree = "<group>";
		};
		77E5913627115F6D0070F381 /* Login */ = {
			isa = PBXGroup;
			children = (
				77E5913D271172090070F381 /* SignUp */,
				773D619E2719D0C1001528B3 /* SignIn */,
				77E5913727115F890070F381 /* LoginNavigationViewController.swift */,
				77E5913B271170860070F381 /* LoginNavigationViewModel.swift */,
			);
			path = Login;
			sourceTree = "<group>";
		};
		77E5913D271172090070F381 /* SignUp */ = {
			isa = PBXGroup;
			children = (
				777B516C27119A5200299430 /* View */,
				77E5913F2711723C0070F381 /* SignUpViewController.swift */,
				77C69BE627294613004C2207 /* SignUpViewModel.swift */,
				777B51792712AA2300299430 /* SignUpInputViewController.swift */,
				77C69BE827294775004C2207 /* SignUpInputViewModel.swift */,
				779B94F92745556400325353 /* Term */,
				773D61A42719D8CA001528B3 /* EmailAuthorize */,
				777B51862714553900299430 /* InitialSetting */,
			);
			path = SignUp;
			sourceTree = "<group>";
		};
/* End PBXGroup section */

/* Begin PBXNativeTarget section */
		775507F226F842E5005B8763 /* HikingClub */ = {
			isa = PBXNativeTarget;
			buildConfigurationList = 7755080726F842E6005B8763 /* Build configuration list for PBXNativeTarget "HikingClub" */;
			buildPhases = (
				775507EF26F842E5005B8763 /* Sources */,
				775507F026F842E5005B8763 /* Frameworks */,
				775507F126F842E5005B8763 /* Resources */,
			);
			buildRules = (
			);
			dependencies = (
			);
			name = HikingClub;
			packageProductDependencies = (
				7755080B26F84DA0005B8763 /* RxSwift */,
				7755080F26F84DA0005B8763 /* RxRelay */,
				7755081126F84DA0005B8763 /* RxCocoa */,
				7755081926F84E03005B8763 /* Lottie */,
				7755081C26F84E52005B8763 /* ReactiveMoya */,
				7755081E26F84E52005B8763 /* CombineMoya */,
				7755082026F84E52005B8763 /* RxMoya */,
				7755082226F84E52005B8763 /* Moya */,
				77B7A1272708A674008F5530 /* SnapKit */,
				7722136E27401F1400A42CCA /* Kingfisher */,
			);
			productName = HikingClub;
			productReference = 775507F326F842E5005B8763 /* HikingClub.app */;
			productType = "com.apple.product-type.application";
		};
/* End PBXNativeTarget section */

/* Begin PBXProject section */
		775507EB26F842E5005B8763 /* Project object */ = {
			isa = PBXProject;
			attributes = {
				LastSwiftUpdateCheck = 1250;
				LastUpgradeCheck = 1250;
				TargetAttributes = {
					775507F226F842E5005B8763 = {
						CreatedOnToolsVersion = 12.5.1;
					};
				};
			};
			buildConfigurationList = 775507EE26F842E5005B8763 /* Build configuration list for PBXProject "HikingClub" */;
			compatibilityVersion = "Xcode 9.3";
			developmentRegion = en;
			hasScannedForEncodings = 0;
			knownRegions = (
				en,
				Base,
			);
			mainGroup = 775507EA26F842E5005B8763;
			packageReferences = (
				7755080A26F84DA0005B8763 /* XCRemoteSwiftPackageReference "RxSwift" */,
				7755081826F84E03005B8763 /* XCRemoteSwiftPackageReference "lottie-ios" */,
				7755081B26F84E52005B8763 /* XCRemoteSwiftPackageReference "Moya" */,
				77B7A1262708A674008F5530 /* XCRemoteSwiftPackageReference "SnapKit" */,
				7722136D27401F1400A42CCA /* XCRemoteSwiftPackageReference "Kingfisher" */,
			);
			productRefGroup = 775507F426F842E5005B8763 /* Products */;
			projectDirPath = "";
			projectRoot = "";
			targets = (
				775507F226F842E5005B8763 /* HikingClub */,
			);
		};
/* End PBXProject section */

/* Begin PBXResourcesBuildPhase section */
		775507F126F842E5005B8763 /* Resources */ = {
			isa = PBXResourcesBuildPhase;
			buildActionMask = 2147483647;
			files = (
				06962EA0272BCD400021402F /* CategoryCollectionViewCell.xib in Resources */,
				06A1ECAA2711789500EA78D8 /* Colors.xcassets in Resources */,
				06962E9B272A86100021402F /* RecentSearchCollectionViewCell.xib in Resources */,
				28ED07FD2736833500D33354 /* VersionInfo.storyboard in Resources */,
				772213742742A3C400A42CCA /* lottie_start.json in Resources */,
				283AF0502708672C0033ED71 /* Home.storyboard in Resources */,
				7755080326F842E6005B8763 /* LaunchScreen.storyboard in Resources */,
				283AF07827086DA40033ED71 /* RoadTableViewCell.xib in Resources */,
				06962E95272927A00021402F /* Search.storyboard in Resources */,
				06A1EC9027088F4400EA78D8 /* HitThemeTableHeaderView.xib in Resources */,
				06AB8CC0273287B4007F32AA /* CategoryTabCollectionViewCell.xib in Resources */,
				7755080326F842E6005B8763 /* LaunchScreen.storyboard in Resources */,
				06A1ECA12708CEFA00EA78D8 /* HitThemeHeaderCollectionViewCell.xib in Resources */,
				7755080026F842E6005B8763 /* Assets.xcassets in Resources */,
				775507FE26F842E5005B8763 /* Main.storyboard in Resources */,
			);
			runOnlyForDeploymentPostprocessing = 0;
		};
/* End PBXResourcesBuildPhase section */

/* Begin PBXSourcesBuildPhase section */
		775507EF26F842E5005B8763 /* Sources */ = {
			isa = PBXSourcesBuildPhase;
			buildActionMask = 2147483647;
			files = (
				771230DC27283EDA003B63E5 /* MyPageViewController.swift in Sources */,
				06A1ECA52708D77900EA78D8 /* UICollectionView+.swift in Sources */,
				77E59131270DDCFA0070F381 /* BaseViewModel.swift in Sources */,
				7741F98E27171CC2005B3D88 /* UIViewController+.swift in Sources */,
				772213772742B02500A42CCA /* UserInformationUserDefault.swift in Sources */,
				775507FB26F842E5005B8763 /* MainTabBarController.swift in Sources */,
				06D4FF322739452200300AE5 /* CategoryCollectionView.swift in Sources */,
				777B517727129EA700299430 /* SignUpTermStackView.swift in Sources */,
				777B516F27119A9200299430 /* CodeBasedView.swift in Sources */,
				77238834273FDC2200F3AA84 /* SignUpAPI.swift in Sources */,
				06962E9F272BCD400021402F /* CategoryCollectionViewCell.swift in Sources */,
				06A1ECA82711782100EA78D8 /* NDButton.swift in Sources */,
				06A1ECB12712C10A00EA78D8 /* NDButtonTheme.swift in Sources */,
				06A1EC992708A7F300EA78D8 /* UIFont+.swift in Sources */,
				77E5913827115F890070F381 /* LoginNavigationViewController.swift in Sources */,
				06BE34932740225400F4917A /* CategoryModel.swift in Sources */,
				77221371274040C900A42CCA /* InitialSettingViewModel.swift in Sources */,
				77C69BE927294775004C2207 /* SignUpInputViewModel.swift in Sources */,
				0654DFEE273682CE00B96F15 /* SearchResultViewController.swift in Sources */,
				06AB8CBF273287B4007F32AA /* CategoryTabCollectionViewCell.swift in Sources */,
				779B950627467E8C00325353 /* EmailVerificationRequestModel.swift in Sources */,
				28B86D3E273FE67100E962A8 /* VersionInfoViewModel.swift in Sources */,
				775B95AC27204D1C004D4540 /* UITabBarItem+.swift in Sources */,
				779B950227467E0600325353 /* EmailVerifiactionService.swift in Sources */,
				06A1EC9B2708B12A00EA78D8 /* UILabel+.swift in Sources */,
				777B517C2712AEB300299430 /* EmailAuthroizeViewController.swift in Sources */,
				77238836273FDC2B00F3AA84 /* SignUpService.swift in Sources */,
				770BB53B274FCD33002EDD6B /* NDLocationManager.swift in Sources */,
				7776BEE727366D36009EC168 /* MypageListNicknameHeaderView.swift in Sources */,
				770BB53F27535ECC002EDD6B /* PrimitiveSequence+.swift in Sources */,
				777B51802714472B00299430 /* TermDetailViewController.swift in Sources */,
				779B94FE27467D8C00325353 /* SignUpRequestModel.swift in Sources */,
				77E59133270DDDA40070F381 /* HomeViewModel.swift in Sources */,
				06BE349A2746037D00F4917A /* RoadListRequestModel.swift in Sources */,
				06962E97272928290021402F /* SearchViewModel.swift in Sources */,
				06BC1F74271C1B79001A6584 /* NDAlert.swift in Sources */,
				779B950E274681C600325353 /* UserRequestModel.swift in Sources */,
				067DC50126FF238F00650862 /* NetworkLogging.swift in Sources */,
				06A1ECB327180C2F00EA78D8 /* NaviBar.swift in Sources */,
				06A1ECB7271967E600EA78D8 /* ComponentTestViewController.swift in Sources */,
				7760CA96272541D0006B39A9 /* Encodable+.swift in Sources */,
				7760CA8D27252ED2006B39A9 /* EmailAuthorizeViewModel.swift in Sources */,
				773DF08E2737A2AB0025DC91 /* SelectTownViewModel.swift in Sources */,
				7784885D274D18DE00437D51 /* UserInformationManager.swift in Sources */,
				06D4FF2A27390A8400300AE5 /* UserDefault+.swift in Sources */,
				06679F09271EB3E500D63AE1 /* NDCTAButton.swift in Sources */,
				77E59135270DDFCF0070F381 /* WebViewModel.swift in Sources */,
				77125D92274A7DDC003885C2 /* SettingViewModel.swift in Sources */,
				7761AC0B273D641E0029BCF2 /* InitialCategorySettingViewModel.swift in Sources */,
				77169DD1270C8C36000AB1D2 /* BaseViewController.swift in Sources */,
				77C69BF4272D977B004C2207 /* SignInService.swift in Sources */,
				77E5913C271170860070F381 /* LoginNavigationViewModel.swift in Sources */,
				77B7A1252708A1C2008F5530 /* WebViewController.swift in Sources */,
				777B517527129E6300299430 /* GreetingView.swift in Sources */,
				775B95A8271F0BD9004D4540 /* AssetImage.swift in Sources */,
				77C69BF0272D96A3004C2207 /* SignInReqeustModel.swift in Sources */,
				775507FB26F842E5005B8763 /* MainTabBarController.swift in Sources */,
				777B516B2711981400299430 /* UIStackView+.swift in Sources */,
				773DF08C2737A2600025DC91 /* SelectTownTableViewCell.swift in Sources */,
				77C69BF6272D9803004C2207 /* SignInResponseModel.swift in Sources */,
				06D4FF362739494100300AE5 /* CategoryTabCollectionView.swift in Sources */,
				06BE34A227462F0600F4917A /* WalkCalculator.swift in Sources */,
				77C69BF2272D96F2004C2207 /* SignInAPI.swift in Sources */,
				283AF0832708B6440033ED71 /* RoadHashTagView.swift in Sources */,
				77E591402711723C0070F381 /* SignUpViewController.swift in Sources */,
				06679F07271EB39000D63AE1 /* NDButtons.swift in Sources */,
				77764FCA2732ABB700A216C8 /* SettingViewController.swift in Sources */,
				7776BEEA27368343009EC168 /* SelectTownViewController.swift in Sources */,
				067DC4FF26FF213400650862 /* NetworkError.swift in Sources */,
				775507F726F842E5005B8763 /* AppDelegate.swift in Sources */,
				06B68F9727228FF9007174E1 /* NDSearchTextField.swift in Sources */,
				283AF07727086DA40033ED71 /* RoadTableViewCell.swift in Sources */,
				77764FCF2732AC6F00A216C8 /* MyPageListHeaderButton.swift in Sources */,
				06D4FF2F273939C100300AE5 /* RecentSearchUserDefault.swift in Sources */,
				06A1EC8E27088F3E00EA78D8 /* HitThemeTableHeaderView.swift in Sources */,
				06962E902727FC250021402F /* NDTabButton.swift in Sources */,
				06D4FF2C27390F3900300AE5 /* UserDefaultManager.swift in Sources */,
				06BE349527403FFB00F4917A /* EmptyView.swift in Sources */,
				06A1ECB927198ED200EA78D8 /* UITextField+.swift in Sources */,
				06962E93272927770021402F /* SearchViewController.swift in Sources */,
				06A1ECA02708CEFA00EA78D8 /* HitThemeHeaderCollectionViewCell.swift in Sources */,
				06A1ECB5271952B100EA78D8 /* NDTextFieldView.swift in Sources */,
				06A1EC9D2708C5E800EA78D8 /* UIButton+.swift in Sources */,
				77125D94274BCB3D003885C2 /* MyPageViewModel.swift in Sources */,
				06BE349F2746231800F4917A /* Road.swift in Sources */,
				775B959D271C2512004D4540 /* ScrollViewKeyboardApperanceProtocol.swift in Sources */,
				773C1D902718562A001AB7EB /* UIStoryBoard+.swift in Sources */,
				06962E9A272A86100021402F /* RecentSearchCollectionViewCell.swift in Sources */,
				773D61A32719D872001528B3 /* ChangePasswordViewController.swift in Sources */,
				77764FD32732DA5800A216C8 /* MenuButtonView.swift in Sources */,
				779B950427467E1B00325353 /* EmailVerificationAPI.swift in Sources */,
				779B95112746866500325353 /* ChangePasswordViewModel.swift in Sources */,
				775507F926F842E5005B8763 /* SceneDelegate.swift in Sources */,
				283AF06D27086B950033ED71 /* HomeViewController.swift in Sources */,
				779B950C2746818F00325353 /* UserService.swift in Sources */,
				77C69BEB272CD4E6004C2207 /* KeyboardAccessoryToolbar.swift in Sources */,
				0698EF31274CDCE100D7AF2A /* NDIndicator.swift in Sources */,
				06AB8CBA273136F7007F32AA /* SearchCategoryResultViewController.swift in Sources */,
				770BB53D27535E5E002EDD6B /* NotificationName+.swift in Sources */,
				06BE34982746024500F4917A /* RoadModel.swift in Sources */,
				777B517327129D6500299430 /* CodeBasedProtocol.swift in Sources */,
				7776BEE527366666009EC168 /* MypageListSectionHeaderView.swift in Sources */,
				773D61A02719D0D0001528B3 /* SignInViewController.swift in Sources */,
				7760CA91272540B2006B39A9 /* PlaceAPI.swift in Sources */,
				28B86D5427403C9100E962A8 /* InquiryListCell.swift in Sources */,
				28B86D52274039BA00E962A8 /* inquiryMenuViewModel.swift in Sources */,
				06A1ECA32708D21400EA78D8 /* UITableView+.swift in Sources */,
				067DC4F026FEF8A000650862 /* NetworkProvider.swift in Sources */,
				06AB8CBC27326A3C007F32AA /* SearchCategoryResultViewModel.swift in Sources */,
				7760CA9E27259F53006B39A9 /* PlaceModel.swift in Sources */,
				77C69BF8272D9DE3004C2207 /* SignInViewModel.swift in Sources */,
				777B517E2714336700299430 /* InitialSettingViewController.swift in Sources */,
				28B86D4D273FE8C300E962A8 /* PersonalInformationViewModel.swift in Sources */,
				77213CF82708EF1600994C9A /* BaseWebView.swift in Sources */,
				067DC4FB26FF19DE00650862 /* API.swift in Sources */,
				777B51852714553600299430 /* InitialCategorySettingViewController.swift in Sources */,
				7760CA9927254249006B39A9 /* PlaceService.swift in Sources */,
				28B86D502740399800E962A8 /* InquiryViewController.swift in Sources */,
				777B517A2712AA2300299430 /* SignUpInputViewController.swift in Sources */,
				28B86D49273FE8AF00E962A8 /* PersonalInformationViewController.swift in Sources */,
				779B94FB2745557100325353 /* TermDetailViewModel.swift in Sources */,
				06A1ECAC2711828900EA78D8 /* UIColor+.swift in Sources */,
				77C69BE727294613004C2207 /* SignUpViewModel.swift in Sources */,
				28ED07F5273681C700D33354 /* VersionInfoViewController.swift in Sources */,
				77213CF82708EF1600994C9A /* BaseWebView.swift in Sources */,
				06AB8CB827312461007F32AA /* RxTextFieldDelegateProxy.swift in Sources */,
				7760CA942725411E006B39A9 /* PlaceRequestModel.swift in Sources */,
				067DC4FB26FF19DE00650862 /* API.swift in Sources */,
				0654DFF02736848700B96F15 /* SearchResultViewModel.swift in Sources */,
				779B950A2746816600325353 /* UserAPI.swift in Sources */,
				77764FCD2732AC4200A216C8 /* MyPageListHeaderButtonView.swift in Sources */,
				064A960F272185F900939AD5 /* NDToastView.swift in Sources */,
				7760CA9B27259C24006B39A9 /* ResponseModel.swift in Sources */,
				0684EA5B2734623300FC74D1 /* UITableViewCell+.swift in Sources */,
				775B95AA271F110A004D4540 /* UIImageView+.swift in Sources */,
				777B5169271197B800299430 /* UIView+.swift in Sources */,
				77125D97274BD288003885C2 /* Profile.swift in Sources */,
			);
			runOnlyForDeploymentPostprocessing = 0;
		};
/* End PBXSourcesBuildPhase section */

/* Begin PBXVariantGroup section */
		775507FC26F842E5005B8763 /* Main.storyboard */ = {
			isa = PBXVariantGroup;
			children = (
				775507FD26F842E5005B8763 /* Base */,
			);
			name = Main.storyboard;
			sourceTree = "<group>";
		};
		7755080126F842E6005B8763 /* LaunchScreen.storyboard */ = {
			isa = PBXVariantGroup;
			children = (
				7755080226F842E6005B8763 /* Base */,
			);
			name = LaunchScreen.storyboard;
			sourceTree = "<group>";
		};
/* End PBXVariantGroup section */

/* Begin XCBuildConfiguration section */
		7755080526F842E6005B8763 /* Debug */ = {
			isa = XCBuildConfiguration;
			buildSettings = {
				ALWAYS_SEARCH_USER_PATHS = NO;
				CLANG_ANALYZER_NONNULL = YES;
				CLANG_ANALYZER_NUMBER_OBJECT_CONVERSION = YES_AGGRESSIVE;
				CLANG_CXX_LANGUAGE_STANDARD = "gnu++14";
				CLANG_CXX_LIBRARY = "libc++";
				CLANG_ENABLE_MODULES = YES;
				CLANG_ENABLE_OBJC_ARC = YES;
				CLANG_ENABLE_OBJC_WEAK = YES;
				CLANG_WARN_BLOCK_CAPTURE_AUTORELEASING = YES;
				CLANG_WARN_BOOL_CONVERSION = YES;
				CLANG_WARN_COMMA = YES;
				CLANG_WARN_CONSTANT_CONVERSION = YES;
				CLANG_WARN_DEPRECATED_OBJC_IMPLEMENTATIONS = YES;
				CLANG_WARN_DIRECT_OBJC_ISA_USAGE = YES_ERROR;
				CLANG_WARN_DOCUMENTATION_COMMENTS = YES;
				CLANG_WARN_EMPTY_BODY = YES;
				CLANG_WARN_ENUM_CONVERSION = YES;
				CLANG_WARN_INFINITE_RECURSION = YES;
				CLANG_WARN_INT_CONVERSION = YES;
				CLANG_WARN_NON_LITERAL_NULL_CONVERSION = YES;
				CLANG_WARN_OBJC_IMPLICIT_RETAIN_SELF = YES;
				CLANG_WARN_OBJC_LITERAL_CONVERSION = YES;
				CLANG_WARN_OBJC_ROOT_CLASS = YES_ERROR;
				CLANG_WARN_QUOTED_INCLUDE_IN_FRAMEWORK_HEADER = YES;
				CLANG_WARN_RANGE_LOOP_ANALYSIS = YES;
				CLANG_WARN_STRICT_PROTOTYPES = YES;
				CLANG_WARN_SUSPICIOUS_MOVE = YES;
				CLANG_WARN_UNGUARDED_AVAILABILITY = YES_AGGRESSIVE;
				CLANG_WARN_UNREACHABLE_CODE = YES;
				CLANG_WARN__DUPLICATE_METHOD_MATCH = YES;
				COPY_PHASE_STRIP = NO;
				DEBUG_INFORMATION_FORMAT = dwarf;
				ENABLE_STRICT_OBJC_MSGSEND = YES;
				ENABLE_TESTABILITY = YES;
				GCC_C_LANGUAGE_STANDARD = gnu11;
				GCC_DYNAMIC_NO_PIC = NO;
				GCC_NO_COMMON_BLOCKS = YES;
				GCC_OPTIMIZATION_LEVEL = 0;
				GCC_PREPROCESSOR_DEFINITIONS = (
					"DEBUG=1",
					"$(inherited)",
				);
				GCC_WARN_64_TO_32_BIT_CONVERSION = YES;
				GCC_WARN_ABOUT_RETURN_TYPE = YES_ERROR;
				GCC_WARN_UNDECLARED_SELECTOR = YES;
				GCC_WARN_UNINITIALIZED_AUTOS = YES_AGGRESSIVE;
				GCC_WARN_UNUSED_FUNCTION = YES;
				GCC_WARN_UNUSED_VARIABLE = YES;
				IPHONEOS_DEPLOYMENT_TARGET = 13.0;
				MTL_ENABLE_DEBUG_INFO = INCLUDE_SOURCE;
				MTL_FAST_MATH = YES;
				ONLY_ACTIVE_ARCH = YES;
				SDKROOT = iphoneos;
				SWIFT_ACTIVE_COMPILATION_CONDITIONS = DEBUG;
				SWIFT_OPTIMIZATION_LEVEL = "-Onone";
			};
			name = Debug;
		};
		7755080626F842E6005B8763 /* Release */ = {
			isa = XCBuildConfiguration;
			buildSettings = {
				ALWAYS_SEARCH_USER_PATHS = NO;
				CLANG_ANALYZER_NONNULL = YES;
				CLANG_ANALYZER_NUMBER_OBJECT_CONVERSION = YES_AGGRESSIVE;
				CLANG_CXX_LANGUAGE_STANDARD = "gnu++14";
				CLANG_CXX_LIBRARY = "libc++";
				CLANG_ENABLE_MODULES = YES;
				CLANG_ENABLE_OBJC_ARC = YES;
				CLANG_ENABLE_OBJC_WEAK = YES;
				CLANG_WARN_BLOCK_CAPTURE_AUTORELEASING = YES;
				CLANG_WARN_BOOL_CONVERSION = YES;
				CLANG_WARN_COMMA = YES;
				CLANG_WARN_CONSTANT_CONVERSION = YES;
				CLANG_WARN_DEPRECATED_OBJC_IMPLEMENTATIONS = YES;
				CLANG_WARN_DIRECT_OBJC_ISA_USAGE = YES_ERROR;
				CLANG_WARN_DOCUMENTATION_COMMENTS = YES;
				CLANG_WARN_EMPTY_BODY = YES;
				CLANG_WARN_ENUM_CONVERSION = YES;
				CLANG_WARN_INFINITE_RECURSION = YES;
				CLANG_WARN_INT_CONVERSION = YES;
				CLANG_WARN_NON_LITERAL_NULL_CONVERSION = YES;
				CLANG_WARN_OBJC_IMPLICIT_RETAIN_SELF = YES;
				CLANG_WARN_OBJC_LITERAL_CONVERSION = YES;
				CLANG_WARN_OBJC_ROOT_CLASS = YES_ERROR;
				CLANG_WARN_QUOTED_INCLUDE_IN_FRAMEWORK_HEADER = YES;
				CLANG_WARN_RANGE_LOOP_ANALYSIS = YES;
				CLANG_WARN_STRICT_PROTOTYPES = YES;
				CLANG_WARN_SUSPICIOUS_MOVE = YES;
				CLANG_WARN_UNGUARDED_AVAILABILITY = YES_AGGRESSIVE;
				CLANG_WARN_UNREACHABLE_CODE = YES;
				CLANG_WARN__DUPLICATE_METHOD_MATCH = YES;
				COPY_PHASE_STRIP = NO;
				DEBUG_INFORMATION_FORMAT = "dwarf-with-dsym";
				ENABLE_NS_ASSERTIONS = NO;
				ENABLE_STRICT_OBJC_MSGSEND = YES;
				GCC_C_LANGUAGE_STANDARD = gnu11;
				GCC_NO_COMMON_BLOCKS = YES;
				GCC_WARN_64_TO_32_BIT_CONVERSION = YES;
				GCC_WARN_ABOUT_RETURN_TYPE = YES_ERROR;
				GCC_WARN_UNDECLARED_SELECTOR = YES;
				GCC_WARN_UNINITIALIZED_AUTOS = YES_AGGRESSIVE;
				GCC_WARN_UNUSED_FUNCTION = YES;
				GCC_WARN_UNUSED_VARIABLE = YES;
				IPHONEOS_DEPLOYMENT_TARGET = 13.0;
				MTL_ENABLE_DEBUG_INFO = NO;
				MTL_FAST_MATH = YES;
				SDKROOT = iphoneos;
				SWIFT_COMPILATION_MODE = wholemodule;
				SWIFT_OPTIMIZATION_LEVEL = "-O";
				VALIDATE_PRODUCT = YES;
			};
			name = Release;
		};
		7755080826F842E6005B8763 /* Debug */ = {
			isa = XCBuildConfiguration;
			buildSettings = {
				ASSETCATALOG_COMPILER_APPICON_NAME = AppIcon;
				ASSETCATALOG_COMPILER_GLOBAL_ACCENT_COLOR_NAME = AccentColor;
				CODE_SIGN_IDENTITY = "iPhone Developer";
				CODE_SIGN_STYLE = Manual;
				DEVELOPMENT_TEAM = 8WGBZHP3L6;
				INFOPLIST_FILE = HikingClub/SupportingFiles/Info.plist;
				IPHONEOS_DEPLOYMENT_TARGET = 13.0;
				LD_RUNPATH_SEARCH_PATHS = (
					"$(inherited)",
					"@executable_path/Frameworks",
				);
				MARKETING_VERSION = 1.0.0;
				PRODUCT_BUNDLE_IDENTIFIER = com.sz.HikingClub;
				PRODUCT_NAME = "$(TARGET_NAME)";
				PROVISIONING_PROFILE_SPECIFIER = mashuphikingclub;
				SWIFT_VERSION = 5.0;
				TARGETED_DEVICE_FAMILY = 1;
			};
			name = Debug;
		};
		7755080926F842E6005B8763 /* Release */ = {
			isa = XCBuildConfiguration;
			buildSettings = {
				ASSETCATALOG_COMPILER_APPICON_NAME = AppIcon;
				ASSETCATALOG_COMPILER_GLOBAL_ACCENT_COLOR_NAME = AccentColor;
				CODE_SIGN_IDENTITY = "iPhone Developer";
				CODE_SIGN_STYLE = Manual;
				DEVELOPMENT_TEAM = 8WGBZHP3L6;
				INFOPLIST_FILE = HikingClub/SupportingFiles/Info.plist;
				IPHONEOS_DEPLOYMENT_TARGET = 13.0;
				LD_RUNPATH_SEARCH_PATHS = (
					"$(inherited)",
					"@executable_path/Frameworks",
				);
				MARKETING_VERSION = 1.0.0;
				PRODUCT_BUNDLE_IDENTIFIER = com.sz.HikingClub;
				PRODUCT_NAME = "$(TARGET_NAME)";
				PROVISIONING_PROFILE_SPECIFIER = mashuphikingclub;
				SWIFT_VERSION = 5.0;
				TARGETED_DEVICE_FAMILY = 1;
			};
			name = Release;
		};
/* End XCBuildConfiguration section */

/* Begin XCConfigurationList section */
		775507EE26F842E5005B8763 /* Build configuration list for PBXProject "HikingClub" */ = {
			isa = XCConfigurationList;
			buildConfigurations = (
				7755080526F842E6005B8763 /* Debug */,
				7755080626F842E6005B8763 /* Release */,
			);
			defaultConfigurationIsVisible = 0;
			defaultConfigurationName = Release;
		};
		7755080726F842E6005B8763 /* Build configuration list for PBXNativeTarget "HikingClub" */ = {
			isa = XCConfigurationList;
			buildConfigurations = (
				7755080826F842E6005B8763 /* Debug */,
				7755080926F842E6005B8763 /* Release */,
			);
			defaultConfigurationIsVisible = 0;
			defaultConfigurationName = Release;
		};
/* End XCConfigurationList section */

/* Begin XCRemoteSwiftPackageReference section */
		7722136D27401F1400A42CCA /* XCRemoteSwiftPackageReference "Kingfisher" */ = {
			isa = XCRemoteSwiftPackageReference;
			repositoryURL = "https://github.com/onevcat/Kingfisher";
			requirement = {
				branch = master;
				kind = branch;
			};
		};
		7755080A26F84DA0005B8763 /* XCRemoteSwiftPackageReference "RxSwift" */ = {
			isa = XCRemoteSwiftPackageReference;
			repositoryURL = "https://github.com/ReactiveX/RxSwift";
			requirement = {
				kind = upToNextMajorVersion;
				minimumVersion = 6.2.0;
			};
		};
		7755081826F84E03005B8763 /* XCRemoteSwiftPackageReference "lottie-ios" */ = {
			isa = XCRemoteSwiftPackageReference;
			repositoryURL = "https://github.com/airbnb/lottie-ios";
			requirement = {
				kind = upToNextMajorVersion;
				minimumVersion = 3.2.3;
			};
		};
		7755081B26F84E52005B8763 /* XCRemoteSwiftPackageReference "Moya" */ = {
			isa = XCRemoteSwiftPackageReference;
			repositoryURL = "https://github.com/Moya/Moya";
			requirement = {
				kind = upToNextMajorVersion;
				minimumVersion = 15.0.0;
			};
		};
		77B7A1262708A674008F5530 /* XCRemoteSwiftPackageReference "SnapKit" */ = {
			isa = XCRemoteSwiftPackageReference;
			repositoryURL = "https://github.com/SnapKit/SnapKit";
			requirement = {
				kind = upToNextMajorVersion;
				minimumVersion = 5.0.0;
			};
		};
/* End XCRemoteSwiftPackageReference section */

/* Begin XCSwiftPackageProductDependency section */
		7722136E27401F1400A42CCA /* Kingfisher */ = {
			isa = XCSwiftPackageProductDependency;
			package = 7722136D27401F1400A42CCA /* XCRemoteSwiftPackageReference "Kingfisher" */;
			productName = Kingfisher;
		};
		7755080B26F84DA0005B8763 /* RxSwift */ = {
			isa = XCSwiftPackageProductDependency;
			package = 7755080A26F84DA0005B8763 /* XCRemoteSwiftPackageReference "RxSwift" */;
			productName = RxSwift;
		};
		7755080F26F84DA0005B8763 /* RxRelay */ = {
			isa = XCSwiftPackageProductDependency;
			package = 7755080A26F84DA0005B8763 /* XCRemoteSwiftPackageReference "RxSwift" */;
			productName = RxRelay;
		};
		7755081126F84DA0005B8763 /* RxCocoa */ = {
			isa = XCSwiftPackageProductDependency;
			package = 7755080A26F84DA0005B8763 /* XCRemoteSwiftPackageReference "RxSwift" */;
			productName = RxCocoa;
		};
		7755081926F84E03005B8763 /* Lottie */ = {
			isa = XCSwiftPackageProductDependency;
			package = 7755081826F84E03005B8763 /* XCRemoteSwiftPackageReference "lottie-ios" */;
			productName = Lottie;
		};
		7755081C26F84E52005B8763 /* ReactiveMoya */ = {
			isa = XCSwiftPackageProductDependency;
			package = 7755081B26F84E52005B8763 /* XCRemoteSwiftPackageReference "Moya" */;
			productName = ReactiveMoya;
		};
		7755081E26F84E52005B8763 /* CombineMoya */ = {
			isa = XCSwiftPackageProductDependency;
			package = 7755081B26F84E52005B8763 /* XCRemoteSwiftPackageReference "Moya" */;
			productName = CombineMoya;
		};
		7755082026F84E52005B8763 /* RxMoya */ = {
			isa = XCSwiftPackageProductDependency;
			package = 7755081B26F84E52005B8763 /* XCRemoteSwiftPackageReference "Moya" */;
			productName = RxMoya;
		};
		7755082226F84E52005B8763 /* Moya */ = {
			isa = XCSwiftPackageProductDependency;
			package = 7755081B26F84E52005B8763 /* XCRemoteSwiftPackageReference "Moya" */;
			productName = Moya;
		};
		77B7A1272708A674008F5530 /* SnapKit */ = {
			isa = XCSwiftPackageProductDependency;
			package = 77B7A1262708A674008F5530 /* XCRemoteSwiftPackageReference "SnapKit" */;
			productName = SnapKit;
		};
/* End XCSwiftPackageProductDependency section */
	};
	rootObject = 775507EB26F842E5005B8763 /* Project object */;
}
